lockfileVersion: '9.0'

settings:
  autoInstallPeers: true
  excludeLinksFromLockfile: false

importers:

  .:
    devDependencies:
      '@fadroma/tester':
        specifier: workspace:*
        version: link:lib/tester

  lib/btc:
    dependencies:
      '@fadroma/chain':
        specifier: workspace:*
        version: link:../chain
      '@fadroma/spawn':
        specifier: workspace:*
        version: link:../spawn
      '@fadroma/tester':
        specifier: workspace:*
        version: link:../tester
      '@hackbg/fadroma':
        specifier: workspace:*
        version: link:../core
      bitcoinjs-lib:
        specifier: ^7.0.0
        version: 7.0.0(typescript@5.9.3)
      indexd:
        specifier: ^0.9.1
        version: 0.9.1
      level:
        specifier: ^10.0.0
        version: 10.0.0
      typeforce:
        specifier: ^1.18.0
        version: 1.18.0
      yajrpc:
        specifier: ^1.4.4
        version: 1.4.4

  lib/chain:
    dependencies:
      '@fadroma/tester':
        specifier: workspace:*
        version: link:../tester
      '@hackbg/fadroma':
        specifier: workspace:*
        version: link:../core

  lib/cmd: {}

  lib/core: {}

  lib/cw:
    dependencies:
      '@fadroma/tm':
        specifier: workspace:*
        version: link:../tm
      '@hackbg/fadroma':
        specifier: workspace:*
        version: link:../core

  lib/gen:
    dependencies:
      '@hackbg/fadroma':
        specifier: ../core
        version: link:../core

  lib/namada: {}

  lib/scrt: {}

  lib/simf:
    dependencies:
      '@fadroma/chain':
        specifier: workspace:*
        version: link:../chain
      '@fadroma/spawn':
        specifier: workspace:*
        version: link:../spawn
      '@fadroma/tester':
        specifier: workspace:*
        version: link:../tester
      '@hackbg/fadroma':
        specifier: workspace:*
        version: link:../core
      bitcoinjs-lib:
        specifier: ^7.0.0
        version: 7.0.0(typescript@5.9.3)

  lib/sol-kit: {}

  lib/sol-rs:
    dependencies:
      '@fadroma/gen':
        specifier: workspace:*
        version: link:../gen
      '@fadroma/tester':
        specifier: workspace:*
        version: link:../tester
      '@hackbg/fadroma':
        specifier: workspace:*
        version: link:../core
      case:
        specifier: ^1.6.3
        version: 1.6.3

  lib/sol-web3:
    dependencies:
      '@fadroma/gen':
        specifier: workspace:*
        version: link:../gen
      '@fadroma/tester':
        specifier: workspace:*
        version: link:../tester
      '@hackbg/fadroma':
        specifier: workspace:*
        version: link:../core
      '@solana/spl-token':
        specifier: ^0.4.14
        version: 0.4.14(@solana/web3.js@1.98.4(bufferutil@4.0.9)(typescript@5.9.3)(utf-8-validate@5.0.10))(bufferutil@4.0.9)(fastestsmallesttextencoderdecoder@1.0.22)(typescript@5.9.3)(utf-8-validate@5.0.10)
      case:
        specifier: ^1.6.3
        version: 1.6.3

  lib/spawn:
    dependencies:
      '@fadroma/tester':
        specifier: workspace:*
        version: link:../tester
      '@hackbg/fadroma':
        specifier: workspace:*
        version: link:../core

  lib/tester:
    dependencies:
      '@hackbg/fadroma':
        specifier: workspace:*
        version: link:../core

  lib/tm:
    dependencies:
      '@fadroma/chain':
        specifier: workspace:*
        version: link:../chain
      '@fadroma/tester':
        specifier: workspace:*
        version: link:../tester
      '@hackbg/fadroma':
        specifier: workspace:*
        version: link:../core

packages:

  '@babel/runtime@7.28.4':
    resolution: {integrity: sha512-Q/N6JNWvIvPnLDvjlE1OUBLPQHH6l3CltCEsHIujp45zQUSSh8K+gHnaEX45yAT1nyngnINhvWtzN+Nb9D8RAQ==}
    engines: {node: '>=6.9.0'}

  '@noble/curves@1.9.7':
    resolution: {integrity: sha512-gbKGcRUYIjA3/zCCNaWDciTMFI0dCkvou3TL8Zmy5Nc7sJ47a0jtOeZoTaMxkuqRo9cRhjOdZJXegxYE5FN/xw==}
    engines: {node: ^14.21.3 || >=16}

  '@noble/hashes@1.8.0':
    resolution: {integrity: sha512-jCs9ldd7NwzpgXDIf6P3+NrHh9/sD6CQdxHyjQI+h/6rDNo88ypBxxz45UDuZHz9r3tNz7N/VInSVoVdtXEI4A==}
    engines: {node: ^14.21.3 || >=16}

  '@solana/buffer-layout-utils@0.2.0':
    resolution: {integrity: sha512-szG4sxgJGktbuZYDg2FfNmkMi0DYQoVjN2h7ta1W1hPrwzarcFLBq9UpX1UjNXsNpT9dn+chgprtWGioUAr4/g==}
    engines: {node: '>= 10'}

  '@solana/buffer-layout@4.0.1':
    resolution: {integrity: sha512-E1ImOIAD1tBZFRdjeM4/pzTiTApC0AOBGwyAMS4fwIodCWArzJ3DWdoh8cKxeFM2fElkxBh2Aqts1BPC373rHA==}
    engines: {node: '>=5.10'}

  '@solana/codecs-core@2.0.0-rc.1':
    resolution: {integrity: sha512-bauxqMfSs8EHD0JKESaNmNuNvkvHSuN3bbWAF5RjOfDu2PugxHrvRebmYauvSumZ3cTfQ4HJJX6PG5rN852qyQ==}
    peerDependencies:
      typescript: '>=5'

  '@solana/codecs-core@2.3.0':
    resolution: {integrity: sha512-oG+VZzN6YhBHIoSKgS5ESM9VIGzhWjEHEGNPSibiDTxFhsFWxNaz8LbMDPjBUE69r9wmdGLkrQ+wVPbnJcZPvw==}
    engines: {node: '>=20.18.0'}
    peerDependencies:
      typescript: '>=5.3.3'

  '@solana/codecs-data-structures@2.0.0-rc.1':
    resolution: {integrity: sha512-rinCv0RrAVJ9rE/rmaibWJQxMwC5lSaORSZuwjopSUE6T0nb/MVg6Z1siNCXhh/HFTOg0l8bNvZHgBcN/yvXog==}
    peerDependencies:
      typescript: '>=5'

  '@solana/codecs-numbers@2.0.0-rc.1':
    resolution: {integrity: sha512-J5i5mOkvukXn8E3Z7sGIPxsThRCgSdgTWJDQeZvucQ9PT6Y3HiVXJ0pcWiOWAoQ3RX8e/f4I3IC+wE6pZiJzDQ==}
    peerDependencies:
      typescript: '>=5'

  '@solana/codecs-numbers@2.3.0':
    resolution: {integrity: sha512-jFvvwKJKffvG7Iz9dmN51OGB7JBcy2CJ6Xf3NqD/VP90xak66m/Lg48T01u5IQ/hc15mChVHiBm+HHuOFDUrQg==}
    engines: {node: '>=20.18.0'}
    peerDependencies:
      typescript: '>=5.3.3'

  '@solana/codecs-strings@2.0.0-rc.1':
    resolution: {integrity: sha512-9/wPhw8TbGRTt6mHC4Zz1RqOnuPTqq1Nb4EyuvpZ39GW6O2t2Q7Q0XxiB3+BdoEjwA2XgPw6e2iRfvYgqty44g==}
    peerDependencies:
      fastestsmallesttextencoderdecoder: ^1.0.22
      typescript: '>=5'

  '@solana/codecs@2.0.0-rc.1':
    resolution: {integrity: sha512-qxoR7VybNJixV51L0G1RD2boZTcxmwUWnKCaJJExQ5qNKwbpSyDdWfFJfM5JhGyKe9DnPVOZB+JHWXnpbZBqrQ==}
    peerDependencies:
      typescript: '>=5'

  '@solana/errors@2.0.0-rc.1':
    resolution: {integrity: sha512-ejNvQ2oJ7+bcFAYWj225lyRkHnixuAeb7RQCixm+5mH4n1IA4Qya/9Bmfy5RAAHQzxK43clu3kZmL5eF9VGtYQ==}
    hasBin: true
    peerDependencies:
      typescript: '>=5'

  '@solana/errors@2.3.0':
    resolution: {integrity: sha512-66RI9MAbwYV0UtP7kGcTBVLxJgUxoZGm8Fbc0ah+lGiAw17Gugco6+9GrJCV83VyF2mDWyYnYM9qdI3yjgpnaQ==}
    engines: {node: '>=20.18.0'}
    hasBin: true
    peerDependencies:
      typescript: '>=5.3.3'

  '@solana/options@2.0.0-rc.1':
    resolution: {integrity: sha512-mLUcR9mZ3qfHlmMnREdIFPf9dpMc/Bl66tLSOOWxw4ml5xMT2ohFn7WGqoKcu/UHkT9CrC6+amEdqCNvUqI7AA==}
    peerDependencies:
      typescript: '>=5'

  '@solana/spl-token-group@0.0.7':
    resolution: {integrity: sha512-V1N/iX7Cr7H0uazWUT2uk27TMqlqedpXHRqqAbVO2gvmJyT0E0ummMEAVQeXZ05ZhQ/xF39DLSdBp90XebWEug==}
    engines: {node: '>=16'}
    peerDependencies:
      '@solana/web3.js': ^1.95.3

  '@solana/spl-token-metadata@0.1.6':
    resolution: {integrity: sha512-7sMt1rsm/zQOQcUWllQX9mD2O6KhSAtY1hFR2hfFwgqfFWzSY9E9GDvFVNYUI1F0iQKcm6HmePU9QbKRXTEBiA==}
    engines: {node: '>=16'}
    peerDependencies:
      '@solana/web3.js': ^1.95.3

  '@solana/spl-token@0.4.14':
    resolution: {integrity: sha512-u09zr96UBpX4U685MnvQsNzlvw9TiY005hk1vJmJr7gMJldoPG1eYU5/wNEyOA5lkMLiR/gOi9SFD4MefOYEsA==}
    engines: {node: '>=16'}
    peerDependencies:
      '@solana/web3.js': ^1.95.5

  '@solana/web3.js@1.98.4':
    resolution: {integrity: sha512-vv9lfnvjUsRiq//+j5pBdXig0IQdtzA0BRZ3bXEP4KaIyF1CcaydWqgyzQgfZMNIsWNWmG+AUHwPy4AHOD6gpw==}

  '@swc/helpers@0.5.17':
    resolution: {integrity: sha512-5IKx/Y13RsYd+sauPb2x+U/xZikHjolzfuDgTAl/Tdf3Q8rslRvC19NKDLgAJQ6wsqADk10ntlv08nPFw/gO/A==}

  '@types/connect@3.4.38':
    resolution: {integrity: sha512-K6uROf1LD88uDQqJCktA4yzL1YYAK6NgfsI0v/mTgyPKWsX1CnJ0XPSDhViejru1GcRkLWb8RlzFYJRqGUbaug==}

  '@types/node@12.20.55':
    resolution: {integrity: sha512-J8xLz7q2OFulZ2cyGTLE1TbbZcjpno7FaN6zdJNrgAdrJ+DZzh/uFR6YrTb4C+nXakvud8Q4+rbhoIWlYQbUFQ==}

  '@types/node@24.8.1':
    resolution: {integrity: sha512-alv65KGRadQVfVcG69MuB4IzdYVpRwMG/mq8KWOaoOdyY617P5ivaDiMCGOFDWD2sAn5Q0mR3mRtUOgm99hL9Q==}

  '@types/uuid@8.3.4':
    resolution: {integrity: sha512-c/I8ZRb51j+pYGAu5CrFMRxqZ2ke4y2grEBO5AUjgSkSk+qT2Ea+OdWElz/OiMf5MNpn2b17kuVBwZLQJXzihw==}

  '@types/ws@7.4.7':
    resolution: {integrity: sha512-JQbbmxZTZehdc2iszGKs5oC3NFnjeay7mtAWrdt7qNtAVK0g19muApzAy4bm9byz79xa2ZnO/BOBC2R8RC5Lww==}

  '@types/ws@8.18.1':
    resolution: {integrity: sha512-ThVF6DCVhA8kUGy+aazFQ4kXQ7E1Ty7A3ypFOe0IcJV8O/M511G99AW24irKrW56Wt44yG9+ij8FaqoBGkuBXg==}

  abstract-level@3.1.1:
    resolution: {integrity: sha512-CW2gKbJFTuX1feMvOrvsVMmijAOgI9kg2Ie9Dq3gOcMt/dVVoVmqNlLcEUCT13NxHFMEajcUcVBIplbyDroDiw==}
    engines: {node: '>=18'}

  agentkeepalive@4.6.0:
    resolution: {integrity: sha512-kja8j7PjmncONqaTsB8fQ+wE2mSU2DJ9D4XKoJ5PFWIdRMa6SLSN1ff4mOr4jCbfRSsxR4keIiySJU0N9T5hIQ==}
    engines: {node: '>= 8.0.0'}

  base-x@3.0.11:
    resolution: {integrity: sha512-xz7wQ8xDhdyP7tQxwdteLYeFfS68tSMNCZ/Y37WJ4bhGfKPpqEIlmIyueQHqOyoPhE6xNUqjzRr8ra0eF9VRvA==}

  base-x@5.0.1:
    resolution: {integrity: sha512-M7uio8Zt++eg3jPj+rHMfCC+IuygQHHCOU+IYsVtik6FWjuYpVt/+MRKcgsAMHh8mMFAwnB+Bs+mTrFiXjMzKg==}

  base64-js@1.5.1:
    resolution: {integrity: sha512-AKpaYlHn8t4SVbOHCy+b5+KKgvR4vrsD8vbvrbiQJps7fKDTkjkDry6ji0rUJjC0kzbNePLwzxq8iypo41qeWA==}

  bech32@2.0.0:
    resolution: {integrity: sha512-LcknSilhIGatDAsY1ak2I8VtGaHNhgMSYVxFrGLXv+xLHytaKZKcaUJJUE7qmBr7h33o5YQwP55pMI0xmkpJwg==}

  bigint-buffer@1.1.5:
    resolution: {integrity: sha512-trfYco6AoZ+rKhKnxA0hgX0HAbVP/s808/EuDSe2JDzUnCp/xAsli35Orvk67UrTEcwuxZqYZDmfA2RXJgxVvA==}
    engines: {node: '>= 10.0.0'}

  bignumber.js@9.3.1:
    resolution: {integrity: sha512-Ko0uX15oIUS7wJ3Rb30Fs6SkVbLmPBAKdlm7q9+ak9bbIeFf0MwuBsQV6z7+X768/cHsfg+WlysDWJcmthjsjQ==}

  bindings@1.5.0:
    resolution: {integrity: sha512-p2q/t/mhvuOj/UeLlV6566GD/guowlr0hHxClI0W9m7MWYkL1F0hLo+0Aexs9HSPCtR1SXQ0TD3MMKrXZajbiQ==}

  bip174@3.0.0:
    resolution: {integrity: sha512-N3vz3rqikLEu0d6yQL8GTrSkpYb35NQKWMR7Hlza0lOj6ZOlvQ3Xr7N9Y+JPebaCVoEUHdBeBSuLxcHr71r+Lw==}
    engines: {node: '>=18.0.0'}

  bitcoinjs-lib@7.0.0:
    resolution: {integrity: sha512-2W6dGXFd1KG3Bs90Bzb5+ViCeSKNIYkCUWZ4cvUzUgwnneiNNZ6Sk8twGNcjlesmxC0JyLc/958QycfpvXLg7A==}
    engines: {node: '>=18.0.0'}

  bn.js@5.2.2:
    resolution: {integrity: sha512-v2YAxEmKaBLahNwE1mjp4WON6huMNeuDvagFZW+ASCuA/ku0bXR9hSMw0XpiqMoA3+rmnyck/tPRSFQkoC9Cuw==}

  borsh@0.7.0:
    resolution: {integrity: sha512-CLCsZGIBCFnPtkNnieW/a8wmreDmfUtjU2m9yHrzPXIlNbqVs0AQrSatSG6vdNYUqdc83tkQi2eHfF98ubzQLA==}

  browser-level@3.0.0:
    resolution: {integrity: sha512-kGXtLh29jMwqKaskz5xeDLtCtN1KBz/DbQSqmvH7QdJiyGRC7RAM8PPg6gvUiNMa+wVnaxS9eSmEtP/f5ajOVw==}

  bs58@4.0.1:
    resolution: {integrity: sha512-Ok3Wdf5vOIlBrgCvTq96gBkJw+JUEzdBgyaza5HLtPm7yTHkjRy8+JzNyHF7BHa0bNWOQIp3m5YF0nnFcOIKLw==}

  bs58@6.0.0:
    resolution: {integrity: sha512-PD0wEnEYg6ijszw/u8s+iI3H17cTymlrwkKhDhPZq+Sokl3AU4htyBFTjAeNAlCCmg0f53g6ih3jATyCKftTfw==}

  bs58check@4.0.0:
    resolution: {integrity: sha512-FsGDOnFg9aVI9erdriULkd/JjEWONV/lQE5aYziB5PoBsXRind56lh8doIZIc9X4HoxT5x4bLjMWN1/NB8Zp5g==}

  buffer@6.0.3:
    resolution: {integrity: sha512-FTiCpNxtwiZZHEZbcbTIcZjERVICn9yq/pDFkTl95/AxzD1naBctN7YO68riM/gLSDY7sdrMby8hofADYuuqOA==}

  bufferutil@4.0.9:
    resolution: {integrity: sha512-WDtdLmJvAuNNPzByAYpRo2rF1Mmradw6gvWsQKf63476DDXmomT9zUiGypLcG4ibIM67vhAj8jJRdbmEws2Aqw==}
    engines: {node: '>=6.14.2'}

  case@1.6.3:
    resolution: {integrity: sha512-mzDSXIPaFwVDvZAHqZ9VlbyF4yyXRuX6IvB06WvPYkqJVO24kX1PPhv9bfpKNFZyxYFmmgo03HUiD8iklmJYRQ==}
    engines: {node: '>= 0.8.0'}

  chalk@5.6.2:
    resolution: {integrity: sha512-7NzBL0rN6fMUW+f7A6Io4h40qQlG+xGmtMxfbnH/K7TAtt8JQWVQK+6g0UXKMeVJoyV5EkkNsErQ8pVD3bLHbA==}
    engines: {node: ^12.17.0 || ^14.13 || >=16.0.0}

  classic-level@3.0.0:
    resolution: {integrity: sha512-yGy8j8LjPbN0Bh3+ygmyYvrmskVita92pD/zCoalfcC9XxZj6iDtZTAnz+ot7GG8p9KLTG+MZ84tSA4AhkgVZQ==}
    engines: {node: '>=18'}

  commander@12.1.0:
    resolution: {integrity: sha512-Vw8qHK3bZM9y/P10u3Vib8o/DdkvA2OtPtZvD871QKjy74Wj1WSKFILMPRPSdUSx5RFK1arlJzEtA4PkFgnbuA==}
    engines: {node: '>=18'}

  commander@14.0.1:
    resolution: {integrity: sha512-2JkV3gUZUVrbNA+1sjBOYLsMZ5cEEl8GTFP2a4AVz5hvasAMCQ1D2l2le/cX+pV4N6ZU17zjUahLpIXRrnWL8A==}
    engines: {node: '>=20'}

  commander@2.20.3:
    resolution: {integrity: sha512-GpVkmM8vF2vQUkj2LvZmD35JxeJOLCwJ9cUkugyk2nuhbv3+mJvpLYYt+0+USMxE+oj+ey/lJEnhZw75x/OMcQ==}

  debug@4.4.3:
    resolution: {integrity: sha512-RGwwWnwQvkVfavKVt22FGLw+xYSdzARwm0ru6DhTVA3umU5hZc28V3kO4stgYryrTlLpuvgI9GiijltAjNbcqA==}
    engines: {node: '>=6.0'}
    peerDependencies:
      supports-color: '*'
    peerDependenciesMeta:
      supports-color:
        optional: true

  delay@5.0.0:
    resolution: {integrity: sha512-ReEBKkIfe4ya47wlPYf/gu5ib6yUG0/Aez0JQZQz94kiWtRQvZIQbTiehsnwHvLSWJnQdhVeqYue7Id1dKr0qw==}
    engines: {node: '>=10'}

  dhttp@2.5.0:
    resolution: {integrity: sha512-lvS8YbljAR3/dSGeqSXMKXXqwSSrIRwF2S1q+N/nLVm9/A9Mhy05CgqwokHgFL8c1nfsxSMwAVsAIqs61czB3w==}
    deprecated: Not maintained, don't use this

  es6-promise@4.2.8:
    resolution: {integrity: sha512-HJDGx5daxeIvxdBxvG2cb9g4tEvwIk3i8+nhX0yGrYmZUzbkdg8QbDevheDB8gd0//uPj4c1EQua8Q+MViT0/w==}

  es6-promisify@5.0.0:
    resolution: {integrity: sha512-C+d6UdsYDk0lMebHNR4S2NybQMMngAOnOwYBQjTOiv0MkoJMP0Myw2mgpDLBcpfCmRLxyFqYhS/CfOENq4SJhQ==}

  eventemitter3@5.0.1:
    resolution: {integrity: sha512-GWkBvjiSZK87ELrYOSESUYeVIc9mvLLf/nXalMOS5dYrgZq9o5OVkbZAVM06CVxYsCwH9BDZFPlQTlPA1j4ahA==}

  eyes@0.1.8:
    resolution: {integrity: sha512-GipyPsXO1anza0AOZdy69Im7hGFCNB7Y/NGjDlZGJ3GJJLtwNSb2vrzYrTYJRrRloVx7pl+bhUaTB8yiccPvFQ==}
    engines: {node: '> 0.1.90'}

  fast-stable-stringify@1.0.0:
    resolution: {integrity: sha512-wpYMUmFu5f00Sm0cj2pfivpmawLZ0NKdviQ4w9zJeR8JVtOpOxHmLaJuj0vxvGqMJQWyP/COUkF75/57OKyRag==}

  fastestsmallesttextencoderdecoder@1.0.22:
    resolution: {integrity: sha512-Pb8d48e+oIuY4MaM64Cd7OW1gt4nxCHs7/ddPPZ/Ic3sg8yVGM7O9wDvZ7us6ScaUupzM+pfBolwtYhN1IxBIw==}

  file-uri-to-path@1.0.0:
    resolution: {integrity: sha512-0Zt+s3L7Vf1biwWZ29aARiVYLx7iMGnEUl9x33fbB/j3jR81u/O2LbqK+Bm1CDSNDKVtJ/YjwY7TUd5SkeLQLw==}

  http-status-codes@1.4.0:
    resolution: {integrity: sha512-JrT3ua+WgH8zBD3HEJYbeEgnuQaAnUeRRko/YojPAJjGmIfGD3KPU/asLdsLwKjfxOmQe5nXMQ0pt/7MyapVbQ==}

  humanize-ms@1.2.1:
    resolution: {integrity: sha512-Fl70vYtsAFb/C06PTS9dZBo7ihau+Tu/DNCk/OyHhea07S+aeMWpFFkUaXRa8fI+ScZbEI8dfSxwY7gxZ9SAVQ==}

  ieee754@1.2.1:
    resolution: {integrity: sha512-dcyqhDvX1C46lXZcVqCpK+FtMRQVdIMN6/Df5js2zouUsqG7I6sFxitIC+7KYK29KdXOLHdu9zL4sFnoVQnqaA==}

  indexd@0.9.1:
    resolution: {integrity: sha512-4K1Jez2k2M3XYziNLCQzfwid4/x5uES54lj+dzt1rpSIgzo7thBjnhvSm+q9OEOphVTs/KUij3oOsiK90HRuAg==}

  int53@0.2.4:
    resolution: {integrity: sha512-a5jlKftS7HUOhkUyYD7j2sJ/ZnvWiNlZS1ldR+g1ifQ+/UuZXIE+YTc/lK1qGj/GwAU5F8Z0e1eVq2t1J5Ob2g==}

  is-buffer@2.0.5:
    resolution: {integrity: sha512-i2R6zNFDwgEHJyQUtJEk0XFi1i0dPFn/oqjK3/vPCcDeJvW5NQ83V8QbicfF1SupOaB0h8ntgBC2YiE7dfyctQ==}
    engines: {node: '>=4'}

  isomorphic-ws@4.0.1:
    resolution: {integrity: sha512-BhBvN2MBpWTaSHdWRb/bwdZJ1WaehQ2L1KngkCkfLUGF0mAWAT1sQUQacEmQ0jXkFw/czDXPNQSL5u2/Krsz1w==}
    peerDependencies:
      ws: '*'

  jayson@4.2.0:
    resolution: {integrity: sha512-VfJ9t1YLwacIubLhONk0KFeosUBwstRWQ0IRT1KDjEjnVnSOVHC3uwugyV7L0c7R9lpVyrUGT2XWiBA1UTtpyg==}
    engines: {node: '>=8'}
    hasBin: true

  json-stringify-safe@5.0.1:
    resolution: {integrity: sha512-ZClg6AaYvamvYEE82d3Iyd3vSSIjQ+odgjaTzRuO3s7toCdFKczob2i0zCh7JE8kWn17yvAWhUVxvqGwUalsRA==}

  level-supports@6.2.0:
    resolution: {integrity: sha512-QNxVXP0IRnBmMsJIh+sb2kwNCYcKciQZJEt+L1hPCHrKNELllXhvrlClVHXBYZVT+a7aTSM6StgNXdAldoab3w==}
    engines: {node: '>=16'}

  level-transcoder@1.0.1:
    resolution: {integrity: sha512-t7bFwFtsQeD8cl8NIoQ2iwxA0CL/9IFw7/9gAjOonH0PWTTiRfY7Hq+Ejbsxh86tXobDQ6IOiddjNYIfOBs06w==}
    engines: {node: '>=12'}

  level@10.0.0:
    resolution: {integrity: sha512-aZJvdfRr/f0VBbSRF5C81FHON47ZsC2TkGxbBezXpGGXAUEL/s6+GP73nnhAYRSCIqUNsmJjfeOF4lzRDKbUig==}
    engines: {node: '>=18'}

  maybe-combine-errors@1.0.0:
    resolution: {integrity: sha512-eefp6IduNPT6fVdwPp+1NgD0PML1NU5P6j1Mj5nz1nidX8/sWY7119WL8vTAHgqfsY74TzW0w1XPgdYEKkGZ5A==}
    engines: {node: '>=10'}

  module-error@1.0.2:
    resolution: {integrity: sha512-0yuvsqSCv8LbaOKhnsQ/T5JhyFlCYLPXK3U2sgV10zoKQwzs/MyfuQUOZQ1V/6OCOJsK/TRgNVrPuPDqtdMFtA==}
    engines: {node: '>=10'}

  ms@2.1.3:
    resolution: {integrity: sha512-6FlzubTLZG3J2a/NVCAleEhjzq5oxgHyaCU9yYXvcLsvoVaHJq/s5xXI6/XXP6tz7R9xAOtHnSO/tXtF3WRTlA==}

  napi-macros@2.2.2:
    resolution: {integrity: sha512-hmEVtAGYzVQpCKdbQea4skABsdXW4RUh5t5mJ2zzqowJS2OyXZTU1KhDVFhx+NlWZ4ap9mqR9TcDO3LTTttd+g==}

  node-fetch@2.7.0:
    resolution: {integrity: sha512-c4FRfUm/dbcWZ7U+1Wq0AwCyFL+3nt2bEw05wfxSz+DWpWsitgmSgYmy2dQdWyKC1694ELPqMs/YzUSNozLt8A==}
    engines: {node: 4.x || >=6.0.0}
    peerDependencies:
      encoding: ^0.1.0
    peerDependenciesMeta:
      encoding:
        optional: true

  node-gyp-build@4.8.4:
    resolution: {integrity: sha512-LA4ZjwlnUblHVgq0oBF3Jl/6h/Nvs5fzBLwdEF4nuxnFdsfajde4WfxtJr3CaiH+F6ewcIB/q4jQ4UzPyid+CQ==}
    hasBin: true

  parse-headers@2.0.6:
    resolution: {integrity: sha512-Tz11t3uKztEW5FEVZnj1ox8GKblWn+PvHY9TmJV5Mll2uHEwRdR/5Li1OlXoECjLYkApdhWy44ocONwXLiKO5A==}

  queue-microtask@1.2.3:
    resolution: {integrity: sha512-NuaNSa6flKT5JaSYQzJok04JzTL1CA6aGhv5rfLW3PgqA+M2ChpZQnAC8h8i4ZFkBS8X5RqkDBHA7r4hej3K9A==}

  qup@2.0.1:
    resolution: {integrity: sha512-Kp1K5To2/kUjdLtWL0YtGDrcGoNmixrhDTH++wHkRJz+mL3Pfv7q2q+BoamQcVoBxusqLepferUStPLi5z0WVQ==}

  rpc-websockets@9.2.0:
    resolution: {integrity: sha512-DS/XHdPxplQTtNRKiBCRWGBJfjOk56W7fyFUpiYi9fSTWTzoEMbUkn3J4gB0IMniIEVeAGR1/rzFQogzD5MxvQ==}

  run-parallel@1.2.0:
    resolution: {integrity: sha512-5l4VyZR86LZ/lDxZTR6jqL8AFE2S0IFLMP26AbjsLVADxHdhB/c0GUsH+y39UfCi3dzz8OlQuPmnaJOMoDHQBA==}

  safe-buffer@5.2.1:
    resolution: {integrity: sha512-rp3So07KcdmmKbGvgaNxQSJr7bGVSVk5S9Eq1F+ppbRo70+YeaDxkw5Dd8NPN+GD6bjnYm2VuPuCXmpuYvmCXQ==}

  stream-chain@2.2.5:
    resolution: {integrity: sha512-1TJmBx6aSWqZ4tx7aTpBDXK0/e2hhcNSTV8+CbFJtDjbb+I1mZ8lHit0Grw9GRT+6JbIrrDd8esncgBi8aBXGA==}

  stream-json@1.9.1:
    resolution: {integrity: sha512-uWkjJ+2Nt/LO9Z/JyKZbMusL8Dkh97uUBTv3AJQ74y07lVahLY4eEFsPsE97pxYBwr8nnjMAIch5eqI0gPShyw==}

  superstruct@2.0.2:
    resolution: {integrity: sha512-uV+TFRZdXsqXTL2pRvujROjdZQ4RAlBUS5BTh9IGm+jTqQntYThciG/qu57Gs69yjnVUSqdxF9YLmSnpupBW9A==}
    engines: {node: '>=14.0.0'}

  text-encoding-utf-8@1.0.2:
    resolution: {integrity: sha512-8bw4MY9WjdsD2aMtO0OzOCY3pXGYNx2d2FfHRVUKkiCPDWjKuOlhLVASS+pD7VkLTVjW268LYJHwsnPFlBpbAg==}

  tr46@0.0.3:
    resolution: {integrity: sha512-N3WMsuqV66lT30CrXNbEjx4GEwlow3v6rr4mCcv6prnfwhS01rkgyFdjPNBYd9br7LpXV1+Emh01fHnq2Gdgrw==}

  tslib@2.8.1:
    resolution: {integrity: sha512-oJFu94HQb+KVduSUQL7wnpmqnfmLsOA/nAh6b6EH0wCEoK0/mPeXU6c3wKDV83MkOuHPRHtSXKKU99IBazS/2w==}

  typeforce@1.18.0:
    resolution: {integrity: sha512-7uc1O8h1M1g0rArakJdf0uLRSSgFcYexrVoKo+bzJd32gd4gDy2L/Z+8/FjPnU9ydY3pEnVPtr9FyscYY60K1g==}

  typescript@5.9.3:
    resolution: {integrity: sha512-jl1vZzPDinLr9eUt3J/t7V6FgNEw9QjvBPdysz9KfQDD41fQrC2Y4vKQdiaUpFT4bXlb1RHhLpp8wtm6M5TgSw==}
    engines: {node: '>=14.17'}
    hasBin: true

  uint8array-tools@0.0.8:
    resolution: {integrity: sha512-xS6+s8e0Xbx++5/0L+yyexukU7pz//Yg6IHg3BKhXotg1JcYtgxVcUctQ0HxLByiJzpAkNFawz1Nz5Xadzo82g==}
    engines: {node: '>=14.0.0'}

  uint8array-tools@0.0.9:
    resolution: {integrity: sha512-9vqDWmoSXOoi+K14zNaf6LBV51Q8MayF0/IiQs3GlygIKUYtog603e6virExkjjFosfJUBI4LhbQK1iq8IG11A==}
    engines: {node: '>=14.0.0'}

  undici-types@7.14.0:
    resolution: {integrity: sha512-QQiYxHuyZ9gQUIrmPo3IA+hUl4KYk8uSA7cHrcKd/l3p1OTpZcM0Tbp9x7FAtXdAYhlasd60ncPpgu6ihG6TOA==}

  utf-8-validate@5.0.10:
    resolution: {integrity: sha512-Z6czzLq4u8fPOyx7TU6X3dvUZVvoJmxSQ+IcrlmagKhilxlhZgxPK6C5Jqbkw1IDUmFTM+cz9QDnnLTwDz/2gQ==}
    engines: {node: '>=6.14.2'}

  uuid@8.3.2:
    resolution: {integrity: sha512-+NYs2QeMWy+GWFOEm9xnn6HCDp0l7QBD7ml8zLUmJ+93Q5NF0NocErnwkTkXVFNiX3/fpC6afS8Dhb/gz7R7eg==}
    hasBin: true

  valibot@0.38.0:
    resolution: {integrity: sha512-RCJa0fetnzp+h+KN9BdgYOgtsMAG9bfoJ9JSjIhFHobKWVWyzM3jjaeNTdpFK9tQtf3q1sguXeERJ/LcmdFE7w==}
    peerDependencies:
      typescript: '>=5'
    peerDependenciesMeta:
      typescript:
        optional: true

  varstruct@6.1.3:
    resolution: {integrity: sha512-4l1Q7uxrVUBZXsMcb2cakrZL6gd4G+Ykn/m9cGnT4EY8iRBPkxOxKVDwOnL9AsIPKmREBx5BDqjfNMKKP6Zy2w==}
    engines: {node: '>=10.0.0'}

  varuint-bitcoin@1.1.2:
    resolution: {integrity: sha512-4EVb+w4rx+YfVM32HQX42AbbT7/1f5zwAYhIujKXKk8NQK+JfRVl3pqT3hjNn/L+RstigmGGKVwHA/P0wgITZw==}

  varuint-bitcoin@2.0.0:
    resolution: {integrity: sha512-6QZbU/rHO2ZQYpWFDALCDSRsXbAs1VOEmXAxtbtjLtKuMJ/FQ8YbhfxlaiKv5nklci0M6lZtlZyxo9Q+qNnyog==}

  webidl-conversions@3.0.1:
    resolution: {integrity: sha512-2JAn3z8AR6rjK8Sm8orRC0h/bcl/DqL7tRPdGZ4I1CjdF+EaMLmYxBHyXuKL849eucPFhvBoxMsflfOb8kxaeQ==}

  whatwg-url@5.0.0:
    resolution: {integrity: sha512-saE57nupxk6v3HY35+jzBwYa0rKSy0XR8JSxZPwgLr7ys0IBzhGviA1/TUGJLmSVqs8pb9AnvICXEuOHLprYTw==}

  ws@7.5.10:
    resolution: {integrity: sha512-+dbF1tHwZpXcbOJdVOkzLDxZP1ailvSxM6ZweXTegylPny803bFhA+vqBYw4s31NSAk4S2Qz+AKXK9a4wkdjcQ==}
    engines: {node: '>=8.3.0'}
    peerDependencies:
      bufferutil: ^4.0.1
      utf-8-validate: ^5.0.2
    peerDependenciesMeta:
      bufferutil:
        optional: true
      utf-8-validate:
        optional: true

  ws@8.18.3:
    resolution: {integrity: sha512-PEIGCY5tSlUt50cqyMXfCzX+oOPqN0vuGqWzbcJ2xvnkzkq46oOpz7dQaTDBdfICb4N14+GARUDw2XV2N4tvzg==}
    engines: {node: '>=10.0.0'}
    peerDependencies:
      bufferutil: ^4.0.1
      utf-8-validate: '>=5.0.2'
    peerDependenciesMeta:
      bufferutil:
        optional: true
      utf-8-validate:
        optional: true

  yajrpc@1.4.4:
    resolution: {integrity: sha512-yG8TNiMw0BeEexEAWWnVzsB/D1u4s4PdOf6flfykJLTQwcghLojO0M+y8XbyqdO3dsrULJhQ2wsoukkMWbsQHA==}

snapshots:

  '@babel/runtime@7.28.4': {}

  '@noble/curves@1.9.7':
    dependencies:
      '@noble/hashes': 1.8.0

  '@noble/hashes@1.8.0': {}

  '@solana/buffer-layout-utils@0.2.0(bufferutil@4.0.9)(typescript@5.9.3)(utf-8-validate@5.0.10)':
    dependencies:
      '@solana/buffer-layout': 4.0.1
      '@solana/web3.js': 1.98.4(bufferutil@4.0.9)(typescript@5.9.3)(utf-8-validate@5.0.10)
      bigint-buffer: 1.1.5
      bignumber.js: 9.3.1
    transitivePeerDependencies:
      - bufferutil
      - encoding
      - typescript
      - utf-8-validate

  '@solana/buffer-layout@4.0.1':
    dependencies:
      buffer: 6.0.3

  '@solana/codecs-core@2.0.0-rc.1(typescript@5.9.3)':
    dependencies:
      '@solana/errors': 2.0.0-rc.1(typescript@5.9.3)
      typescript: 5.9.3

  '@solana/codecs-core@2.3.0(typescript@5.9.3)':
    dependencies:
      '@solana/errors': 2.3.0(typescript@5.9.3)
      typescript: 5.9.3

  '@solana/codecs-data-structures@2.0.0-rc.1(typescript@5.9.3)':
    dependencies:
      '@solana/codecs-core': 2.0.0-rc.1(typescript@5.9.3)
      '@solana/codecs-numbers': 2.0.0-rc.1(typescript@5.9.3)
      '@solana/errors': 2.0.0-rc.1(typescript@5.9.3)
      typescript: 5.9.3

  '@solana/codecs-numbers@2.0.0-rc.1(typescript@5.9.3)':
    dependencies:
      '@solana/codecs-core': 2.0.0-rc.1(typescript@5.9.3)
      '@solana/errors': 2.0.0-rc.1(typescript@5.9.3)
      typescript: 5.9.3

  '@solana/codecs-numbers@2.3.0(typescript@5.9.3)':
    dependencies:
      '@solana/codecs-core': 2.3.0(typescript@5.9.3)
      '@solana/errors': 2.3.0(typescript@5.9.3)
      typescript: 5.9.3

  '@solana/codecs-strings@2.0.0-rc.1(fastestsmallesttextencoderdecoder@1.0.22)(typescript@5.9.3)':
    dependencies:
      '@solana/codecs-core': 2.0.0-rc.1(typescript@5.9.3)
      '@solana/codecs-numbers': 2.0.0-rc.1(typescript@5.9.3)
      '@solana/errors': 2.0.0-rc.1(typescript@5.9.3)
      fastestsmallesttextencoderdecoder: 1.0.22
      typescript: 5.9.3

  '@solana/codecs@2.0.0-rc.1(fastestsmallesttextencoderdecoder@1.0.22)(typescript@5.9.3)':
    dependencies:
      '@solana/codecs-core': 2.0.0-rc.1(typescript@5.9.3)
      '@solana/codecs-data-structures': 2.0.0-rc.1(typescript@5.9.3)
      '@solana/codecs-numbers': 2.0.0-rc.1(typescript@5.9.3)
      '@solana/codecs-strings': 2.0.0-rc.1(fastestsmallesttextencoderdecoder@1.0.22)(typescript@5.9.3)
      '@solana/options': 2.0.0-rc.1(fastestsmallesttextencoderdecoder@1.0.22)(typescript@5.9.3)
      typescript: 5.9.3
    transitivePeerDependencies:
      - fastestsmallesttextencoderdecoder

  '@solana/errors@2.0.0-rc.1(typescript@5.9.3)':
    dependencies:
      chalk: 5.6.2
      commander: 12.1.0
      typescript: 5.9.3

  '@solana/errors@2.3.0(typescript@5.9.3)':
    dependencies:
      chalk: 5.6.2
      commander: 14.0.1
      typescript: 5.9.3

  '@solana/options@2.0.0-rc.1(fastestsmallesttextencoderdecoder@1.0.22)(typescript@5.9.3)':
    dependencies:
      '@solana/codecs-core': 2.0.0-rc.1(typescript@5.9.3)
      '@solana/codecs-data-structures': 2.0.0-rc.1(typescript@5.9.3)
      '@solana/codecs-numbers': 2.0.0-rc.1(typescript@5.9.3)
      '@solana/codecs-strings': 2.0.0-rc.1(fastestsmallesttextencoderdecoder@1.0.22)(typescript@5.9.3)
      '@solana/errors': 2.0.0-rc.1(typescript@5.9.3)
      typescript: 5.9.3
    transitivePeerDependencies:
      - fastestsmallesttextencoderdecoder

  '@solana/spl-token-group@0.0.7(@solana/web3.js@1.98.4(bufferutil@4.0.9)(typescript@5.9.3)(utf-8-validate@5.0.10))(fastestsmallesttextencoderdecoder@1.0.22)(typescript@5.9.3)':
    dependencies:
      '@solana/codecs': 2.0.0-rc.1(fastestsmallesttextencoderdecoder@1.0.22)(typescript@5.9.3)
      '@solana/web3.js': 1.98.4(bufferutil@4.0.9)(typescript@5.9.3)(utf-8-validate@5.0.10)
    transitivePeerDependencies:
      - fastestsmallesttextencoderdecoder
      - typescript

  '@solana/spl-token-metadata@0.1.6(@solana/web3.js@1.98.4(bufferutil@4.0.9)(typescript@5.9.3)(utf-8-validate@5.0.10))(fastestsmallesttextencoderdecoder@1.0.22)(typescript@5.9.3)':
    dependencies:
      '@solana/codecs': 2.0.0-rc.1(fastestsmallesttextencoderdecoder@1.0.22)(typescript@5.9.3)
      '@solana/web3.js': 1.98.4(bufferutil@4.0.9)(typescript@5.9.3)(utf-8-validate@5.0.10)
    transitivePeerDependencies:
      - fastestsmallesttextencoderdecoder
      - typescript

  '@solana/spl-token@0.4.14(@solana/web3.js@1.98.4(bufferutil@4.0.9)(typescript@5.9.3)(utf-8-validate@5.0.10))(bufferutil@4.0.9)(fastestsmallesttextencoderdecoder@1.0.22)(typescript@5.9.3)(utf-8-validate@5.0.10)':
    dependencies:
      '@solana/buffer-layout': 4.0.1
      '@solana/buffer-layout-utils': 0.2.0(bufferutil@4.0.9)(typescript@5.9.3)(utf-8-validate@5.0.10)
      '@solana/spl-token-group': 0.0.7(@solana/web3.js@1.98.4(bufferutil@4.0.9)(typescript@5.9.3)(utf-8-validate@5.0.10))(fastestsmallesttextencoderdecoder@1.0.22)(typescript@5.9.3)
      '@solana/spl-token-metadata': 0.1.6(@solana/web3.js@1.98.4(bufferutil@4.0.9)(typescript@5.9.3)(utf-8-validate@5.0.10))(fastestsmallesttextencoderdecoder@1.0.22)(typescript@5.9.3)
      '@solana/web3.js': 1.98.4(bufferutil@4.0.9)(typescript@5.9.3)(utf-8-validate@5.0.10)
      buffer: 6.0.3
    transitivePeerDependencies:
      - bufferutil
      - encoding
      - fastestsmallesttextencoderdecoder
      - typescript
      - utf-8-validate

  '@solana/web3.js@1.98.4(bufferutil@4.0.9)(typescript@5.9.3)(utf-8-validate@5.0.10)':
    dependencies:
      '@babel/runtime': 7.28.4
      '@noble/curves': 1.9.7
      '@noble/hashes': 1.8.0
      '@solana/buffer-layout': 4.0.1
      '@solana/codecs-numbers': 2.3.0(typescript@5.9.3)
      agentkeepalive: 4.6.0
      bn.js: 5.2.2
      borsh: 0.7.0
      bs58: 4.0.1
      buffer: 6.0.3
      fast-stable-stringify: 1.0.0
      jayson: 4.2.0(bufferutil@4.0.9)(utf-8-validate@5.0.10)
      node-fetch: 2.7.0
      rpc-websockets: 9.2.0
      superstruct: 2.0.2
    transitivePeerDependencies:
      - bufferutil
      - encoding
      - typescript
      - utf-8-validate

  '@swc/helpers@0.5.17':
    dependencies:
      tslib: 2.8.1

  '@types/connect@3.4.38':
    dependencies:
      '@types/node': 12.20.55

  '@types/node@12.20.55': {}

  '@types/node@24.8.1':
    dependencies:
      undici-types: 7.14.0

  '@types/uuid@8.3.4': {}

  '@types/ws@7.4.7':
    dependencies:
      '@types/node': 12.20.55

  '@types/ws@8.18.1':
    dependencies:
      '@types/node': 24.8.1

  abstract-level@3.1.1:
    dependencies:
      buffer: 6.0.3
      is-buffer: 2.0.5
      level-supports: 6.2.0
      level-transcoder: 1.0.1
      maybe-combine-errors: 1.0.0
      module-error: 1.0.2

  agentkeepalive@4.6.0:
    dependencies:
      humanize-ms: 1.2.1

  base-x@3.0.11:
    dependencies:
      safe-buffer: 5.2.1

  base-x@5.0.1: {}

  base64-js@1.5.1: {}

  bech32@2.0.0: {}

  bigint-buffer@1.1.5:
    dependencies:
      bindings: 1.5.0

  bignumber.js@9.3.1: {}

  bindings@1.5.0:
    dependencies:
      file-uri-to-path: 1.0.0

  bip174@3.0.0:
    dependencies:
      uint8array-tools: 0.0.9
      varuint-bitcoin: 2.0.0

  bitcoinjs-lib@7.0.0(typescript@5.9.3):
    dependencies:
      '@noble/hashes': 1.8.0
      bech32: 2.0.0
      bip174: 3.0.0
      bs58check: 4.0.0
      uint8array-tools: 0.0.9
      valibot: 0.38.0(typescript@5.9.3)
      varuint-bitcoin: 2.0.0
    transitivePeerDependencies:
      - typescript

  bn.js@5.2.2: {}

  borsh@0.7.0:
    dependencies:
      bn.js: 5.2.2
      bs58: 4.0.1
      text-encoding-utf-8: 1.0.2

  browser-level@3.0.0:
    dependencies:
      abstract-level: 3.1.1

  bs58@4.0.1:
    dependencies:
      base-x: 3.0.11

  bs58@6.0.0:
    dependencies:
      base-x: 5.0.1

  bs58check@4.0.0:
    dependencies:
      '@noble/hashes': 1.8.0
      bs58: 6.0.0

  buffer@6.0.3:
    dependencies:
      base64-js: 1.5.1
      ieee754: 1.2.1

  bufferutil@4.0.9:
    dependencies:
      node-gyp-build: 4.8.4
    optional: true

  case@1.6.3: {}

  chalk@5.6.2: {}

  classic-level@3.0.0:
    dependencies:
      abstract-level: 3.1.1
      module-error: 1.0.2
      napi-macros: 2.2.2
      node-gyp-build: 4.8.4

  commander@12.1.0: {}

  commander@14.0.1: {}

  commander@2.20.3: {}

  debug@4.4.3:
    dependencies:
      ms: 2.1.3
    optional: true

  delay@5.0.0: {}

  dhttp@2.5.0:
    dependencies:
      http-status-codes: 1.4.0
      parse-headers: 2.0.6

  es6-promise@4.2.8: {}

  es6-promisify@5.0.0:
    dependencies:
      es6-promise: 4.2.8

  eventemitter3@5.0.1: {}

  eyes@0.1.8: {}

  fast-stable-stringify@1.0.0: {}

  fastestsmallesttextencoderdecoder@1.0.22: {}

  file-uri-to-path@1.0.0: {}

  http-status-codes@1.4.0: {}

  humanize-ms@1.2.1:
    dependencies:
      ms: 2.1.3

  ieee754@1.2.1: {}

  indexd@0.9.1:
    dependencies:
      run-parallel: 1.2.0
      typeforce: 1.18.0
      varstruct: 6.1.3
      varuint-bitcoin: 1.1.2
    optionalDependencies:
      debug: 4.4.3
    transitivePeerDependencies:
      - supports-color

  int53@0.2.4: {}

  is-buffer@2.0.5: {}

  isomorphic-ws@4.0.1(ws@7.5.10(bufferutil@4.0.9)(utf-8-validate@5.0.10)):
    dependencies:
      ws: 7.5.10(bufferutil@4.0.9)(utf-8-validate@5.0.10)

  jayson@4.2.0(bufferutil@4.0.9)(utf-8-validate@5.0.10):
    dependencies:
      '@types/connect': 3.4.38
      '@types/node': 12.20.55
      '@types/ws': 7.4.7
      commander: 2.20.3
      delay: 5.0.0
      es6-promisify: 5.0.0
      eyes: 0.1.8
      isomorphic-ws: 4.0.1(ws@7.5.10(bufferutil@4.0.9)(utf-8-validate@5.0.10))
      json-stringify-safe: 5.0.1
      stream-json: 1.9.1
      uuid: 8.3.2
      ws: 7.5.10(bufferutil@4.0.9)(utf-8-validate@5.0.10)
    transitivePeerDependencies:
      - bufferutil
      - utf-8-validate

  json-stringify-safe@5.0.1: {}

  level-supports@6.2.0: {}

  level-transcoder@1.0.1:
    dependencies:
      buffer: 6.0.3
      module-error: 1.0.2

  level@10.0.0:
    dependencies:
      abstract-level: 3.1.1
      browser-level: 3.0.0
      classic-level: 3.0.0

  maybe-combine-errors@1.0.0: {}

  module-error@1.0.2: {}

  ms@2.1.3: {}

  napi-macros@2.2.2: {}

  node-fetch@2.7.0:
    dependencies:
      whatwg-url: 5.0.0

  node-gyp-build@4.8.4: {}

  parse-headers@2.0.6: {}

  queue-microtask@1.2.3: {}

  qup@2.0.1: {}

  rpc-websockets@9.2.0:
    dependencies:
      '@swc/helpers': 0.5.17
      '@types/uuid': 8.3.4
      '@types/ws': 8.18.1
      buffer: 6.0.3
      eventemitter3: 5.0.1
      uuid: 8.3.2
      ws: 8.18.3(bufferutil@4.0.9)(utf-8-validate@5.0.10)
    optionalDependencies:
      bufferutil: 4.0.9
      utf-8-validate: 5.0.10

  run-parallel@1.2.0:
    dependencies:
      queue-microtask: 1.2.3

  safe-buffer@5.2.1: {}

  stream-chain@2.2.5: {}

  stream-json@1.9.1:
    dependencies:
      stream-chain: 2.2.5

  superstruct@2.0.2: {}

  text-encoding-utf-8@1.0.2: {}

  tr46@0.0.3: {}

  tslib@2.8.1: {}

  typeforce@1.18.0: {}

  typescript@5.9.3: {}

  uint8array-tools@0.0.8: {}

  uint8array-tools@0.0.9: {}

  undici-types@7.14.0: {}

  utf-8-validate@5.0.10:
    dependencies:
      node-gyp-build: 4.8.4
    optional: true

  uuid@8.3.2: {}

  valibot@0.38.0(typescript@5.9.3):
    optionalDependencies:
      typescript: 5.9.3

  varstruct@6.1.3:
    dependencies:
      int53: 0.2.4
      safe-buffer: 5.2.1

  varuint-bitcoin@1.1.2:
    dependencies:
      safe-buffer: 5.2.1

  varuint-bitcoin@2.0.0:
    dependencies:
      uint8array-tools: 0.0.8

  webidl-conversions@3.0.1: {}

  whatwg-url@5.0.0:
    dependencies:
      tr46: 0.0.3
      webidl-conversions: 3.0.1

  ws@7.5.10(bufferutil@4.0.9)(utf-8-validate@5.0.10):
    optionalDependencies:
      bufferutil: 4.0.9
      utf-8-validate: 5.0.10

  ws@8.18.3(bufferutil@4.0.9)(utf-8-validate@5.0.10):
    optionalDependencies:
      bufferutil: 4.0.9
      utf-8-validate: 5.0.10

  yajrpc@1.4.4:
    dependencies:
      dhttp: 2.5.0
      qup: 2.0.1
      typeforce: 1.18.0
