lockfileVersion: '9.0'

settings:
  autoInstallPeers: true
  excludeLinksFromLockfile: false

importers:

  .:
    devDependencies:
      '@fadroma/btc':
        specifier: workspace:*
        version: link:@fadroma/btc
      '@fadroma/simf':
        specifier: workspace:*
        version: link:@fadroma/simf
      '@hackbg/fadroma':
        specifier: workspace:*
        version: link:@hackbg/fadroma
      '@noble/curves':
        specifier: ^2.0.1
        version: 2.0.1
      '@noble/ed25519':
        specifier: ^3.0.0
        version: 3.0.0
      '@noble/hashes':
        specifier: ^2.0.1
        version: 2.0.1
      '@noble/secp256k1':
        specifier: ^3.0.0
        version: 3.0.0
      '@scure/base':
        specifier: ^2
        version: 2.0.0
      '@scure/bip32':
        specifier: ^2.0.1
        version: 2.0.1
      '@scure/bip39':
        specifier: ^2.0.1
        version: 2.0.1
      '@types/deno':
        specifier: ^2.5.0
        version: 2.5.0
      typedoc:
        specifier: ^0.28.14
        version: 0.28.14(typescript@5.7.3)

  '@fadroma/btc':
    dependencies:
      '@fadroma/dlt':
        specifier: workspace:*
        version: link:../dlt
      '@hackbg/fadroma':
        specifier: workspace:*
        version: link:../../@hackbg/fadroma
      bitcoinjs-lib:
        specifier: ^7.0.0
        version: 7.0.0(typescript@5.7.3)
      browser-level:
        specifier: ^3.0.0
        version: 3.0.0
      indexd:
        specifier: ^0.9.1
        version: 0.9.1
      typeforce:
        specifier: ^1.18.0
        version: 1.18.0
      yajrpc:
        specifier: ^1.4.4
        version: 1.4.4

  '@fadroma/cw':
    dependencies:
      '@fadroma/tm':
        specifier: workspace:*
        version: link:../tm
      '@hackbg/fadroma':
        specifier: workspace:*
        version: link:../../@hackbg/fadroma

  '@fadroma/dlt':
    dependencies:
      '@hackbg/fadroma':
        specifier: workspace:*
        version: link:../../@hackbg/fadroma

  '@fadroma/namada':
    dependencies:
      '@fadroma/tm':
        specifier: workspace:*
        version: link:../tm
      '@hackbg/fadroma':
        specifier: workspace:*
        version: link:../../@hackbg/fadroma

  '@fadroma/scrt':
    dependencies:
      '@fadroma/cw':
        specifier: workspace:*
        version: link:../cw
      '@fadroma/tm':
        specifier: workspace:*
        version: link:../tm
      '@hackbg/fadroma':
        specifier: workspace:*
        version: link:../../@hackbg/fadroma

  '@fadroma/simf':
    dependencies:
      '@fadroma/btc':
        specifier: workspace:*
        version: link:../btc
      '@hackbg/fadroma':
        specifier: workspace:*
        version: link:../../@hackbg/fadroma

  '@fadroma/sol-kit':
    dependencies:
      '@hackbg/fadroma':
        specifier: workspace:*
        version: link:../../@hackbg/fadroma

  '@fadroma/sol-rs':
    dependencies:
      '@hackbg/fadroma':
        specifier: workspace:*
        version: link:../../@hackbg/fadroma

  '@fadroma/sol-web3':
    dependencies:
      '@coral-xyz/anchor':
        specifier: ^0.31.0
        version: 0.31.1(bufferutil@4.0.9)(typescript@5.7.3)(utf-8-validate@5.0.10)
      '@hackbg/fadroma':
        specifier: workspace:*
        version: link:../../@hackbg/fadroma
      '@solana/spl-token':
        specifier: ^0.4.14
        version: 0.4.14(@solana/web3.js@1.98.4(bufferutil@4.0.9)(typescript@5.7.3)(utf-8-validate@5.0.10))(bufferutil@4.0.9)(fastestsmallesttextencoderdecoder@1.0.22)(typescript@5.7.3)(utf-8-validate@5.0.10)

  '@fadroma/tm':
    dependencies:
      '@hackbg/fadroma':
        specifier: workspace:*
        version: link:../../@hackbg/fadroma
      protobuf-varint:
        specifier: ^1
        version: 1.0.0

  '@hackbg/fadroma':
    dependencies:
      '@noble/curves':
        specifier: ^2
        version: 2.0.1
      '@noble/ed25519':
        specifier: ^3
        version: 3.0.0
      '@noble/hashes':
        specifier: ^2
        version: 2.0.1
      '@noble/secp256k1':
        specifier: ^3
        version: 3.0.0
      '@scure/base':
        specifier: ^2
        version: 2.0.0
      '@scure/bip32':
        specifier: ^2
        version: 2.0.1
      '@scure/bip39':
        specifier: ^2
        version: 2.0.1
      '@std/streams':
        specifier: npm:@jsr/std__streams@^1.0.13
        version: '@jsr/std__streams@1.0.13'
      case:
        specifier: ^1.6.3
        version: 1.6.3
      log-update:
        specifier: ^7.0.1
        version: 7.0.1

packages:

  '@babel/runtime@7.28.4':
    resolution: {integrity: sha512-Q/N6JNWvIvPnLDvjlE1OUBLPQHH6l3CltCEsHIujp45zQUSSh8K+gHnaEX45yAT1nyngnINhvWtzN+Nb9D8RAQ==}
    engines: {node: '>=6.9.0'}

  '@coral-xyz/anchor-errors@0.31.1':
    resolution: {integrity: sha512-NhNEku4F3zzUSBtrYz84FzYWm48+9OvmT1Hhnwr6GnPQry2dsEqH/ti/7ASjjpoFTWRnPXrjAIT1qM6Isop+LQ==}
    engines: {node: '>=10'}

  '@coral-xyz/anchor@0.31.1':
    resolution: {integrity: sha512-QUqpoEK+gi2S6nlYc2atgT2r41TT3caWr/cPUEL8n8Md9437trZ68STknq897b82p5mW0XrTBNOzRbmIRJtfsA==}
    engines: {node: '>=17'}

  '@coral-xyz/borsh@0.31.1':
    resolution: {integrity: sha512-9N8AU9F0ubriKfNE3g1WF0/4dtlGXoBN/hd1PvbNBamBNwRgHxH4P+o3Zt7rSEloW1HUs6LfZEchlx9fW7POYw==}
    engines: {node: '>=10'}
    peerDependencies:
      '@solana/web3.js': ^1.69.0

  '@gerrit0/mini-shiki@3.14.0':
    resolution: {integrity: sha512-c5X8fwPLOtUS8TVdqhynz9iV0GlOtFUT1ppXYzUUlEXe4kbZ/mvMT8wXoT8kCwUka+zsiloq7sD3pZ3+QVTuNQ==}

  '@jsr/std__bytes@1.0.6':
    resolution: {integrity: sha512-St6yKggjFGhxS52IFLJWvkchRFbAKg2Xh8UxA4S1EGz7GJ2Ui+ssDDldj/w2c8vCxvl6qgR0HaYbKeFJNqujmA==, tarball: https://npm.jsr.io/~/11/@jsr/std__bytes/1.0.6.tgz}

  '@jsr/std__streams@1.0.13':
    resolution: {integrity: sha512-XeFuOkxi3BMrRnJ8nYNtfedY48M27ftThUuVuND74dTyOUJGCEUw1FBjpsNwQgeeATU8Cl/hX0Z7Rg66/ewEJA==, tarball: https://npm.jsr.io/~/11/@jsr/std__streams/1.0.13.tgz}

  '@noble/curves@1.9.7':
    resolution: {integrity: sha512-gbKGcRUYIjA3/zCCNaWDciTMFI0dCkvou3TL8Zmy5Nc7sJ47a0jtOeZoTaMxkuqRo9cRhjOdZJXegxYE5FN/xw==}
    engines: {node: ^14.21.3 || >=16}

  '@noble/curves@2.0.1':
    resolution: {integrity: sha512-vs1Az2OOTBiP4q0pwjW5aF0xp9n4MxVrmkFBxc6EKZc6ddYx5gaZiAsZoq0uRRXWbi3AT/sBqn05eRPtn1JCPw==}
    engines: {node: '>= 20.19.0'}

  '@noble/ed25519@3.0.0':
    resolution: {integrity: sha512-QyteqMNm0GLqfa5SoYbSC3+Pvykwpn95Zgth4MFVSMKBB75ELl9tX1LAVsN4c3HXOrakHsF2gL4zWDAYCcsnzg==}

  '@noble/hashes@1.8.0':
    resolution: {integrity: sha512-jCs9ldd7NwzpgXDIf6P3+NrHh9/sD6CQdxHyjQI+h/6rDNo88ypBxxz45UDuZHz9r3tNz7N/VInSVoVdtXEI4A==}
    engines: {node: ^14.21.3 || >=16}

  '@noble/hashes@2.0.1':
    resolution: {integrity: sha512-XlOlEbQcE9fmuXxrVTXCTlG2nlRXa9Rj3rr5Ue/+tX+nmkgbX720YHh0VR3hBF9xDvwnb8D2shVGOwNx+ulArw==}
    engines: {node: '>= 20.19.0'}

  '@noble/secp256k1@3.0.0':
    resolution: {integrity: sha512-NJBaR352KyIvj3t6sgT/+7xrNyF9Xk9QlLSIqUGVUYlsnDTAUqY8LOmwpcgEx4AMJXRITQ5XEVHD+mMaPfr3mg==}

  '@scure/base@2.0.0':
    resolution: {integrity: sha512-3E1kpuZginKkek01ovG8krQ0Z44E3DHPjc5S2rjJw9lZn3KSQOs8S7wqikF/AH7iRanHypj85uGyxk0XAyC37w==}

  '@scure/bip32@2.0.1':
    resolution: {integrity: sha512-4Md1NI5BzoVP+bhyJaY3K6yMesEFzNS1sE/cP+9nuvE7p/b0kx9XbpDHHFl8dHtufcbdHRUUQdRqLIPHN/s7yA==}

  '@scure/bip39@2.0.1':
    resolution: {integrity: sha512-PsxdFj/d2AcJcZDX1FXN3dDgitDDTmwf78rKZq1a6c1P1Nan1X/Sxc7667zU3U+AN60g7SxxP0YCVw2H/hBycg==}

  '@shikijs/engine-oniguruma@3.14.0':
    resolution: {integrity: sha512-TNcYTYMbJyy+ZjzWtt0bG5y4YyMIWC2nyePz+CFMWqm+HnZZyy9SWMgo8Z6KBJVIZnx8XUXS8U2afO6Y0g1Oug==}

  '@shikijs/langs@3.14.0':
    resolution: {integrity: sha512-DIB2EQY7yPX1/ZH7lMcwrK5pl+ZkP/xoSpUzg9YC8R+evRCCiSQ7yyrvEyBsMnfZq4eBzLzBlugMyTAf13+pzg==}

  '@shikijs/themes@3.14.0':
    resolution: {integrity: sha512-fAo/OnfWckNmv4uBoUu6dSlkcBc+SA1xzj5oUSaz5z3KqHtEbUypg/9xxgJARtM6+7RVm0Q6Xnty41xA1ma1IA==}

  '@shikijs/types@3.14.0':
    resolution: {integrity: sha512-bQGgC6vrY8U/9ObG1Z/vTro+uclbjjD/uG58RvfxKZVD5p9Yc1ka3tVyEFy7BNJLzxuWyHH5NWynP9zZZS59eQ==}

  '@shikijs/vscode-textmate@10.0.2':
    resolution: {integrity: sha512-83yeghZ2xxin3Nj8z1NMd/NCuca+gsYXswywDy5bHvwlWL8tpTQmzGeUuHd9FC3E/SBEMvzJRwWEOz5gGes9Qg==}

  '@solana/buffer-layout-utils@0.2.0':
    resolution: {integrity: sha512-szG4sxgJGktbuZYDg2FfNmkMi0DYQoVjN2h7ta1W1hPrwzarcFLBq9UpX1UjNXsNpT9dn+chgprtWGioUAr4/g==}
    engines: {node: '>= 10'}

  '@solana/buffer-layout@4.0.1':
    resolution: {integrity: sha512-E1ImOIAD1tBZFRdjeM4/pzTiTApC0AOBGwyAMS4fwIodCWArzJ3DWdoh8cKxeFM2fElkxBh2Aqts1BPC373rHA==}
    engines: {node: '>=5.10'}

  '@solana/codecs-core@2.0.0-rc.1':
    resolution: {integrity: sha512-bauxqMfSs8EHD0JKESaNmNuNvkvHSuN3bbWAF5RjOfDu2PugxHrvRebmYauvSumZ3cTfQ4HJJX6PG5rN852qyQ==}
    peerDependencies:
      typescript: '>=5'

  '@solana/codecs-core@2.3.0':
    resolution: {integrity: sha512-oG+VZzN6YhBHIoSKgS5ESM9VIGzhWjEHEGNPSibiDTxFhsFWxNaz8LbMDPjBUE69r9wmdGLkrQ+wVPbnJcZPvw==}
    engines: {node: '>=20.18.0'}
    peerDependencies:
      typescript: '>=5.3.3'

  '@solana/codecs-data-structures@2.0.0-rc.1':
    resolution: {integrity: sha512-rinCv0RrAVJ9rE/rmaibWJQxMwC5lSaORSZuwjopSUE6T0nb/MVg6Z1siNCXhh/HFTOg0l8bNvZHgBcN/yvXog==}
    peerDependencies:
      typescript: '>=5'

  '@solana/codecs-numbers@2.0.0-rc.1':
    resolution: {integrity: sha512-J5i5mOkvukXn8E3Z7sGIPxsThRCgSdgTWJDQeZvucQ9PT6Y3HiVXJ0pcWiOWAoQ3RX8e/f4I3IC+wE6pZiJzDQ==}
    peerDependencies:
      typescript: '>=5'

  '@solana/codecs-numbers@2.3.0':
    resolution: {integrity: sha512-jFvvwKJKffvG7Iz9dmN51OGB7JBcy2CJ6Xf3NqD/VP90xak66m/Lg48T01u5IQ/hc15mChVHiBm+HHuOFDUrQg==}
    engines: {node: '>=20.18.0'}
    peerDependencies:
      typescript: '>=5.3.3'

  '@solana/codecs-strings@2.0.0-rc.1':
    resolution: {integrity: sha512-9/wPhw8TbGRTt6mHC4Zz1RqOnuPTqq1Nb4EyuvpZ39GW6O2t2Q7Q0XxiB3+BdoEjwA2XgPw6e2iRfvYgqty44g==}
    peerDependencies:
      fastestsmallesttextencoderdecoder: ^1.0.22
      typescript: '>=5'

  '@solana/codecs@2.0.0-rc.1':
    resolution: {integrity: sha512-qxoR7VybNJixV51L0G1RD2boZTcxmwUWnKCaJJExQ5qNKwbpSyDdWfFJfM5JhGyKe9DnPVOZB+JHWXnpbZBqrQ==}
    peerDependencies:
      typescript: '>=5'

  '@solana/errors@2.0.0-rc.1':
    resolution: {integrity: sha512-ejNvQ2oJ7+bcFAYWj225lyRkHnixuAeb7RQCixm+5mH4n1IA4Qya/9Bmfy5RAAHQzxK43clu3kZmL5eF9VGtYQ==}
    hasBin: true
    peerDependencies:
      typescript: '>=5'

  '@solana/errors@2.3.0':
    resolution: {integrity: sha512-66RI9MAbwYV0UtP7kGcTBVLxJgUxoZGm8Fbc0ah+lGiAw17Gugco6+9GrJCV83VyF2mDWyYnYM9qdI3yjgpnaQ==}
    engines: {node: '>=20.18.0'}
    hasBin: true
    peerDependencies:
      typescript: '>=5.3.3'

  '@solana/options@2.0.0-rc.1':
    resolution: {integrity: sha512-mLUcR9mZ3qfHlmMnREdIFPf9dpMc/Bl66tLSOOWxw4ml5xMT2ohFn7WGqoKcu/UHkT9CrC6+amEdqCNvUqI7AA==}
    peerDependencies:
      typescript: '>=5'

  '@solana/spl-token-group@0.0.7':
    resolution: {integrity: sha512-V1N/iX7Cr7H0uazWUT2uk27TMqlqedpXHRqqAbVO2gvmJyT0E0ummMEAVQeXZ05ZhQ/xF39DLSdBp90XebWEug==}
    engines: {node: '>=16'}
    peerDependencies:
      '@solana/web3.js': ^1.95.3

  '@solana/spl-token-metadata@0.1.6':
    resolution: {integrity: sha512-7sMt1rsm/zQOQcUWllQX9mD2O6KhSAtY1hFR2hfFwgqfFWzSY9E9GDvFVNYUI1F0iQKcm6HmePU9QbKRXTEBiA==}
    engines: {node: '>=16'}
    peerDependencies:
      '@solana/web3.js': ^1.95.3

  '@solana/spl-token@0.4.14':
    resolution: {integrity: sha512-u09zr96UBpX4U685MnvQsNzlvw9TiY005hk1vJmJr7gMJldoPG1eYU5/wNEyOA5lkMLiR/gOi9SFD4MefOYEsA==}
    engines: {node: '>=16'}
    peerDependencies:
      '@solana/web3.js': ^1.95.5

  '@solana/web3.js@1.98.4':
    resolution: {integrity: sha512-vv9lfnvjUsRiq//+j5pBdXig0IQdtzA0BRZ3bXEP4KaIyF1CcaydWqgyzQgfZMNIsWNWmG+AUHwPy4AHOD6gpw==}

  '@swc/helpers@0.5.17':
    resolution: {integrity: sha512-5IKx/Y13RsYd+sauPb2x+U/xZikHjolzfuDgTAl/Tdf3Q8rslRvC19NKDLgAJQ6wsqADk10ntlv08nPFw/gO/A==}

  '@types/connect@3.4.38':
    resolution: {integrity: sha512-K6uROf1LD88uDQqJCktA4yzL1YYAK6NgfsI0v/mTgyPKWsX1CnJ0XPSDhViejru1GcRkLWb8RlzFYJRqGUbaug==}

  '@types/deno@2.5.0':
    resolution: {integrity: sha512-g8JS38vmc0S87jKsFzre+0ZyMOUDHPVokEJymSCRlL57h6f/FdKPWBXgdFh3Z8Ees9sz11qt9VWELU9Y9ZkiVw==}

  '@types/hast@3.0.4':
    resolution: {integrity: sha512-WPs+bbQw5aCj+x6laNGWLH3wviHtoCv/P3+otBhbOhJgG8qtpdAMlTCxLtsTWA7LH1Oh/bFCHsBn0TPS5m30EQ==}

  '@types/node@12.20.55':
    resolution: {integrity: sha512-J8xLz7q2OFulZ2cyGTLE1TbbZcjpno7FaN6zdJNrgAdrJ+DZzh/uFR6YrTb4C+nXakvud8Q4+rbhoIWlYQbUFQ==}

  '@types/node@20.19.23':
    resolution: {integrity: sha512-yIdlVVVHXpmqRhtyovZAcSy0MiPcYWGkoO4CGe/+jpP0hmNuihm4XhHbADpK++MsiLHP5MVlv+bcgdF99kSiFQ==}

  '@types/unist@3.0.3':
    resolution: {integrity: sha512-ko/gIFJRv177XgZsZcBwnqJN5x/Gien8qNOn0D5bQU/zAzVf9Zt3BlcUiLqhV9y4ARk0GbT3tnUiPNgnTXzc/Q==}

  '@types/uuid@8.3.4':
    resolution: {integrity: sha512-c/I8ZRb51j+pYGAu5CrFMRxqZ2ke4y2grEBO5AUjgSkSk+qT2Ea+OdWElz/OiMf5MNpn2b17kuVBwZLQJXzihw==}

  '@types/ws@7.4.7':
    resolution: {integrity: sha512-JQbbmxZTZehdc2iszGKs5oC3NFnjeay7mtAWrdt7qNtAVK0g19muApzAy4bm9byz79xa2ZnO/BOBC2R8RC5Lww==}

  '@types/ws@8.18.1':
    resolution: {integrity: sha512-ThVF6DCVhA8kUGy+aazFQ4kXQ7E1Ty7A3ypFOe0IcJV8O/M511G99AW24irKrW56Wt44yG9+ij8FaqoBGkuBXg==}

  abstract-level@3.1.1:
    resolution: {integrity: sha512-CW2gKbJFTuX1feMvOrvsVMmijAOgI9kg2Ie9Dq3gOcMt/dVVoVmqNlLcEUCT13NxHFMEajcUcVBIplbyDroDiw==}
    engines: {node: '>=18'}

  agentkeepalive@4.6.0:
    resolution: {integrity: sha512-kja8j7PjmncONqaTsB8fQ+wE2mSU2DJ9D4XKoJ5PFWIdRMa6SLSN1ff4mOr4jCbfRSsxR4keIiySJU0N9T5hIQ==}
    engines: {node: '>= 8.0.0'}

  ansi-escapes@7.1.1:
    resolution: {integrity: sha512-Zhl0ErHcSRUaVfGUeUdDuLgpkEo8KIFjB4Y9uAc46ScOpdDiU1Dbyplh7qWJeJ/ZHpbyMSM26+X3BySgnIz40Q==}
    engines: {node: '>=18'}

  ansi-regex@6.2.2:
    resolution: {integrity: sha512-Bq3SmSpyFHaWjPk8If9yc6svM8c56dB5BAtW4Qbw5jHTwwXXcTLoRMkpDJp6VL0XzlWaCHTXrkFURMYmD0sLqg==}
    engines: {node: '>=12'}

  ansi-styles@6.2.3:
    resolution: {integrity: sha512-4Dj6M28JB+oAH8kFkTLUo+a2jwOFkuqb3yucU0CANcRRUbxS0cP0nZYCGjcc3BNXwRIsUVmDGgzawme7zvJHvg==}
    engines: {node: '>=12'}

  argparse@2.0.1:
    resolution: {integrity: sha512-8+9WqebbFzpX9OR+Wa6O29asIogeRMzcGtAINdpMHHyAg10f05aSFVBbcEqGf/PXw1EjAZ+q2/bEBg3DvurK3Q==}

  balanced-match@1.0.2:
    resolution: {integrity: sha512-3oSeUO0TMV67hN1AmbXsK4yaqU7tjiHlbxRDZOpH0KW9+CeX4bRAaX0Anxt0tx2MrpRpWwQaPwIlISEJhYU5Pw==}

  base-x@3.0.11:
    resolution: {integrity: sha512-xz7wQ8xDhdyP7tQxwdteLYeFfS68tSMNCZ/Y37WJ4bhGfKPpqEIlmIyueQHqOyoPhE6xNUqjzRr8ra0eF9VRvA==}

  base-x@5.0.1:
    resolution: {integrity: sha512-M7uio8Zt++eg3jPj+rHMfCC+IuygQHHCOU+IYsVtik6FWjuYpVt/+MRKcgsAMHh8mMFAwnB+Bs+mTrFiXjMzKg==}

  base64-js@1.5.1:
    resolution: {integrity: sha512-AKpaYlHn8t4SVbOHCy+b5+KKgvR4vrsD8vbvrbiQJps7fKDTkjkDry6ji0rUJjC0kzbNePLwzxq8iypo41qeWA==}

  bech32@2.0.0:
    resolution: {integrity: sha512-LcknSilhIGatDAsY1ak2I8VtGaHNhgMSYVxFrGLXv+xLHytaKZKcaUJJUE7qmBr7h33o5YQwP55pMI0xmkpJwg==}

  bigint-buffer@1.1.5:
    resolution: {integrity: sha512-trfYco6AoZ+rKhKnxA0hgX0HAbVP/s808/EuDSe2JDzUnCp/xAsli35Orvk67UrTEcwuxZqYZDmfA2RXJgxVvA==}
    engines: {node: '>= 10.0.0'}

  bignumber.js@9.3.1:
    resolution: {integrity: sha512-Ko0uX15oIUS7wJ3Rb30Fs6SkVbLmPBAKdlm7q9+ak9bbIeFf0MwuBsQV6z7+X768/cHsfg+WlysDWJcmthjsjQ==}

  bindings@1.5.0:
    resolution: {integrity: sha512-p2q/t/mhvuOj/UeLlV6566GD/guowlr0hHxClI0W9m7MWYkL1F0hLo+0Aexs9HSPCtR1SXQ0TD3MMKrXZajbiQ==}

  bip174@3.0.0:
    resolution: {integrity: sha512-N3vz3rqikLEu0d6yQL8GTrSkpYb35NQKWMR7Hlza0lOj6ZOlvQ3Xr7N9Y+JPebaCVoEUHdBeBSuLxcHr71r+Lw==}
    engines: {node: '>=18.0.0'}

  bitcoinjs-lib@7.0.0:
    resolution: {integrity: sha512-2W6dGXFd1KG3Bs90Bzb5+ViCeSKNIYkCUWZ4cvUzUgwnneiNNZ6Sk8twGNcjlesmxC0JyLc/958QycfpvXLg7A==}
    engines: {node: '>=18.0.0'}

  bn.js@5.2.2:
    resolution: {integrity: sha512-v2YAxEmKaBLahNwE1mjp4WON6huMNeuDvagFZW+ASCuA/ku0bXR9hSMw0XpiqMoA3+rmnyck/tPRSFQkoC9Cuw==}

  borsh@0.7.0:
    resolution: {integrity: sha512-CLCsZGIBCFnPtkNnieW/a8wmreDmfUtjU2m9yHrzPXIlNbqVs0AQrSatSG6vdNYUqdc83tkQi2eHfF98ubzQLA==}

  brace-expansion@2.0.2:
    resolution: {integrity: sha512-Jt0vHyM+jmUBqojB7E1NIYadt0vI0Qxjxd2TErW94wDz+E2LAm5vKMXXwg6ZZBTHPuUlDgQHKXvjGBdfcF1ZDQ==}

  browser-level@3.0.0:
    resolution: {integrity: sha512-kGXtLh29jMwqKaskz5xeDLtCtN1KBz/DbQSqmvH7QdJiyGRC7RAM8PPg6gvUiNMa+wVnaxS9eSmEtP/f5ajOVw==}

  bs58@4.0.1:
    resolution: {integrity: sha512-Ok3Wdf5vOIlBrgCvTq96gBkJw+JUEzdBgyaza5HLtPm7yTHkjRy8+JzNyHF7BHa0bNWOQIp3m5YF0nnFcOIKLw==}

  bs58@6.0.0:
    resolution: {integrity: sha512-PD0wEnEYg6ijszw/u8s+iI3H17cTymlrwkKhDhPZq+Sokl3AU4htyBFTjAeNAlCCmg0f53g6ih3jATyCKftTfw==}

  bs58check@4.0.0:
    resolution: {integrity: sha512-FsGDOnFg9aVI9erdriULkd/JjEWONV/lQE5aYziB5PoBsXRind56lh8doIZIc9X4HoxT5x4bLjMWN1/NB8Zp5g==}

  buffer-layout@1.2.2:
    resolution: {integrity: sha512-kWSuLN694+KTk8SrYvCqwP2WcgQjoRCiF5b4QDvkkz8EmgD+aWAIceGFKMIAdmF/pH+vpgNV3d3kAKorcdAmWA==}
    engines: {node: '>=4.5'}

  buffer@6.0.3:
    resolution: {integrity: sha512-FTiCpNxtwiZZHEZbcbTIcZjERVICn9yq/pDFkTl95/AxzD1naBctN7YO68riM/gLSDY7sdrMby8hofADYuuqOA==}

  bufferutil@4.0.9:
    resolution: {integrity: sha512-WDtdLmJvAuNNPzByAYpRo2rF1Mmradw6gvWsQKf63476DDXmomT9zUiGypLcG4ibIM67vhAj8jJRdbmEws2Aqw==}
    engines: {node: '>=6.14.2'}

  camelcase@6.3.0:
    resolution: {integrity: sha512-Gmy6FhYlCY7uOElZUSbxo2UCDH8owEk996gkbrpsgGtrJLM3J7jGxl9Ic7Qwwj4ivOE5AWZWRMecDdF7hqGjFA==}
    engines: {node: '>=10'}

  case@1.6.3:
    resolution: {integrity: sha512-mzDSXIPaFwVDvZAHqZ9VlbyF4yyXRuX6IvB06WvPYkqJVO24kX1PPhv9bfpKNFZyxYFmmgo03HUiD8iklmJYRQ==}
    engines: {node: '>= 0.8.0'}

  chalk@5.6.2:
    resolution: {integrity: sha512-7NzBL0rN6fMUW+f7A6Io4h40qQlG+xGmtMxfbnH/K7TAtt8JQWVQK+6g0UXKMeVJoyV5EkkNsErQ8pVD3bLHbA==}
    engines: {node: ^12.17.0 || ^14.13 || >=16.0.0}

  cli-cursor@5.0.0:
    resolution: {integrity: sha512-aCj4O5wKyszjMmDT4tZj93kxyydN/K5zPWSCe6/0AV/AA1pqe5ZBIw0a2ZfPQV7lL5/yb5HsUreJ6UFAF1tEQw==}
    engines: {node: '>=18'}

  commander@12.1.0:
    resolution: {integrity: sha512-Vw8qHK3bZM9y/P10u3Vib8o/DdkvA2OtPtZvD871QKjy74Wj1WSKFILMPRPSdUSx5RFK1arlJzEtA4PkFgnbuA==}
    engines: {node: '>=18'}

  commander@14.0.2:
    resolution: {integrity: sha512-TywoWNNRbhoD0BXs1P3ZEScW8W5iKrnbithIl0YH+uCmBd0QpPOA8yc82DS3BIE5Ma6FnBVUsJ7wVUDz4dvOWQ==}
    engines: {node: '>=20'}

  commander@2.20.3:
    resolution: {integrity: sha512-GpVkmM8vF2vQUkj2LvZmD35JxeJOLCwJ9cUkugyk2nuhbv3+mJvpLYYt+0+USMxE+oj+ey/lJEnhZw75x/OMcQ==}

  cross-fetch@3.2.0:
    resolution: {integrity: sha512-Q+xVJLoGOeIMXZmbUK4HYk+69cQH6LudR0Vu/pRm2YlU/hDV9CiS0gKUMaWY5f2NeUH9C1nV3bsTlCo0FsTV1Q==}

  debug@4.4.3:
    resolution: {integrity: sha512-RGwwWnwQvkVfavKVt22FGLw+xYSdzARwm0ru6DhTVA3umU5hZc28V3kO4stgYryrTlLpuvgI9GiijltAjNbcqA==}
    engines: {node: '>=6.0'}
    peerDependencies:
      supports-color: '*'
    peerDependenciesMeta:
      supports-color:
        optional: true

  delay@5.0.0:
    resolution: {integrity: sha512-ReEBKkIfe4ya47wlPYf/gu5ib6yUG0/Aez0JQZQz94kiWtRQvZIQbTiehsnwHvLSWJnQdhVeqYue7Id1dKr0qw==}
    engines: {node: '>=10'}

  dhttp@2.5.0:
    resolution: {integrity: sha512-lvS8YbljAR3/dSGeqSXMKXXqwSSrIRwF2S1q+N/nLVm9/A9Mhy05CgqwokHgFL8c1nfsxSMwAVsAIqs61czB3w==}
    deprecated: Not maintained, don't use this

  emoji-regex@10.6.0:
    resolution: {integrity: sha512-toUI84YS5YmxW219erniWD0CIVOo46xGKColeNQRgOzDorgBi1v4D71/OFzgD9GO2UGKIv1C3Sp8DAn0+j5w7A==}

  entities@4.5.0:
    resolution: {integrity: sha512-V0hjH4dGPh9Ao5p0MoRY6BVqtwCjhz6vI5LT8AJ55H+4g9/4vbHx1I54fS0XuclLhDHArPQCiMjDxjaL8fPxhw==}
    engines: {node: '>=0.12'}

  environment@1.1.0:
    resolution: {integrity: sha512-xUtoPkMggbz0MPyPiIWr1Kp4aeWJjDZ6SMvURhimjdZgsRuDplF5/s9hcgGhyXMhs+6vpnuoiZ2kFiu3FMnS8Q==}
    engines: {node: '>=18'}

  es6-promise@4.2.8:
    resolution: {integrity: sha512-HJDGx5daxeIvxdBxvG2cb9g4tEvwIk3i8+nhX0yGrYmZUzbkdg8QbDevheDB8gd0//uPj4c1EQua8Q+MViT0/w==}

  es6-promisify@5.0.0:
    resolution: {integrity: sha512-C+d6UdsYDk0lMebHNR4S2NybQMMngAOnOwYBQjTOiv0MkoJMP0Myw2mgpDLBcpfCmRLxyFqYhS/CfOENq4SJhQ==}

  eventemitter3@4.0.7:
    resolution: {integrity: sha512-8guHBZCwKnFhYdHr2ysuRWErTwhoN2X8XELRlrRwpmfeY2jjuUN4taQMsULKUVo1K4DvZl+0pgfyoysHxvmvEw==}

  eventemitter3@5.0.1:
    resolution: {integrity: sha512-GWkBvjiSZK87ELrYOSESUYeVIc9mvLLf/nXalMOS5dYrgZq9o5OVkbZAVM06CVxYsCwH9BDZFPlQTlPA1j4ahA==}

  eyes@0.1.8:
    resolution: {integrity: sha512-GipyPsXO1anza0AOZdy69Im7hGFCNB7Y/NGjDlZGJ3GJJLtwNSb2vrzYrTYJRrRloVx7pl+bhUaTB8yiccPvFQ==}
    engines: {node: '> 0.1.90'}

  fast-stable-stringify@1.0.0:
    resolution: {integrity: sha512-wpYMUmFu5f00Sm0cj2pfivpmawLZ0NKdviQ4w9zJeR8JVtOpOxHmLaJuj0vxvGqMJQWyP/COUkF75/57OKyRag==}

  fastestsmallesttextencoderdecoder@1.0.22:
    resolution: {integrity: sha512-Pb8d48e+oIuY4MaM64Cd7OW1gt4nxCHs7/ddPPZ/Ic3sg8yVGM7O9wDvZ7us6ScaUupzM+pfBolwtYhN1IxBIw==}

  file-uri-to-path@1.0.0:
    resolution: {integrity: sha512-0Zt+s3L7Vf1biwWZ29aARiVYLx7iMGnEUl9x33fbB/j3jR81u/O2LbqK+Bm1CDSNDKVtJ/YjwY7TUd5SkeLQLw==}

  get-east-asian-width@1.4.0:
    resolution: {integrity: sha512-QZjmEOC+IT1uk6Rx0sX22V6uHWVwbdbxf1faPqJ1QhLdGgsRGCZoyaQBm/piRdJy/D2um6hM1UP7ZEeQ4EkP+Q==}
    engines: {node: '>=18'}

  http-status-codes@1.4.0:
    resolution: {integrity: sha512-JrT3ua+WgH8zBD3HEJYbeEgnuQaAnUeRRko/YojPAJjGmIfGD3KPU/asLdsLwKjfxOmQe5nXMQ0pt/7MyapVbQ==}

  humanize-ms@1.2.1:
    resolution: {integrity: sha512-Fl70vYtsAFb/C06PTS9dZBo7ihau+Tu/DNCk/OyHhea07S+aeMWpFFkUaXRa8fI+ScZbEI8dfSxwY7gxZ9SAVQ==}

  ieee754@1.2.1:
    resolution: {integrity: sha512-dcyqhDvX1C46lXZcVqCpK+FtMRQVdIMN6/Df5js2zouUsqG7I6sFxitIC+7KYK29KdXOLHdu9zL4sFnoVQnqaA==}

  indexd@0.9.1:
    resolution: {integrity: sha512-4K1Jez2k2M3XYziNLCQzfwid4/x5uES54lj+dzt1rpSIgzo7thBjnhvSm+q9OEOphVTs/KUij3oOsiK90HRuAg==}

  int53@0.2.4:
    resolution: {integrity: sha512-a5jlKftS7HUOhkUyYD7j2sJ/ZnvWiNlZS1ldR+g1ifQ+/UuZXIE+YTc/lK1qGj/GwAU5F8Z0e1eVq2t1J5Ob2g==}

  is-buffer@2.0.5:
    resolution: {integrity: sha512-i2R6zNFDwgEHJyQUtJEk0XFi1i0dPFn/oqjK3/vPCcDeJvW5NQ83V8QbicfF1SupOaB0h8ntgBC2YiE7dfyctQ==}
    engines: {node: '>=4'}

  is-fullwidth-code-point@5.1.0:
    resolution: {integrity: sha512-5XHYaSyiqADb4RnZ1Bdad6cPp8Toise4TzEjcOYDHZkTCbKgiUl7WTUCpNWHuxmDt91wnsZBc9xinNzopv3JMQ==}
    engines: {node: '>=18'}

  isomorphic-ws@4.0.1:
    resolution: {integrity: sha512-BhBvN2MBpWTaSHdWRb/bwdZJ1WaehQ2L1KngkCkfLUGF0mAWAT1sQUQacEmQ0jXkFw/czDXPNQSL5u2/Krsz1w==}
    peerDependencies:
      ws: '*'

  jayson@4.2.0:
    resolution: {integrity: sha512-VfJ9t1YLwacIubLhONk0KFeosUBwstRWQ0IRT1KDjEjnVnSOVHC3uwugyV7L0c7R9lpVyrUGT2XWiBA1UTtpyg==}
    engines: {node: '>=8'}
    hasBin: true

  json-stringify-safe@5.0.1:
    resolution: {integrity: sha512-ZClg6AaYvamvYEE82d3Iyd3vSSIjQ+odgjaTzRuO3s7toCdFKczob2i0zCh7JE8kWn17yvAWhUVxvqGwUalsRA==}

  level-supports@6.2.0:
    resolution: {integrity: sha512-QNxVXP0IRnBmMsJIh+sb2kwNCYcKciQZJEt+L1hPCHrKNELllXhvrlClVHXBYZVT+a7aTSM6StgNXdAldoab3w==}
    engines: {node: '>=16'}

  level-transcoder@1.0.1:
    resolution: {integrity: sha512-t7bFwFtsQeD8cl8NIoQ2iwxA0CL/9IFw7/9gAjOonH0PWTTiRfY7Hq+Ejbsxh86tXobDQ6IOiddjNYIfOBs06w==}
    engines: {node: '>=12'}

  linkify-it@5.0.0:
    resolution: {integrity: sha512-5aHCbzQRADcdP+ATqnDuhhJ/MRIqDkZX5pyjFHRRysS8vZ5AbqGEoFIb6pYHPZ+L/OC2Lc+xT8uHVVR5CAK/wQ==}

  log-update@7.0.1:
    resolution: {integrity: sha512-yEfdCegcxi/DrzkaAb82dMYvZpMOHAOYxUB45US+VrWQB2GnxyIucxG1otp3T1d6KzXXeB6TOHOF06viksSuug==}
    engines: {node: '>=20'}

  lunr@2.3.9:
    resolution: {integrity: sha512-zTU3DaZaF3Rt9rhN3uBMGQD3dD2/vFQqnvZCDv4dl5iOzq2IZQqTxu90r4E5J+nP70J3ilqVCrbho2eWaeW8Ow==}

  markdown-it@14.1.0:
    resolution: {integrity: sha512-a54IwgWPaeBCAAsv13YgmALOF1elABB08FxO9i+r4VFk5Vl4pKokRPeX8u5TCgSsPi6ec1otfLjdOpVcgbpshg==}
    hasBin: true

  maybe-combine-errors@1.0.0:
    resolution: {integrity: sha512-eefp6IduNPT6fVdwPp+1NgD0PML1NU5P6j1Mj5nz1nidX8/sWY7119WL8vTAHgqfsY74TzW0w1XPgdYEKkGZ5A==}
    engines: {node: '>=10'}

  mdurl@2.0.0:
    resolution: {integrity: sha512-Lf+9+2r+Tdp5wXDXC4PcIBjTDtq4UKjCPMQhKIuzpJNW0b96kVqSwW0bT7FhRSfmAiFYgP+SCRvdrDozfh0U5w==}

  mimic-function@5.0.1:
    resolution: {integrity: sha512-VP79XUPxV2CigYP3jWwAUFSku2aKqBH7uTAapFWCBqutsbmDo96KY5o8uh6U+/YSIn5OxJnXp73beVkpqMIGhA==}
    engines: {node: '>=18'}

  minimatch@9.0.5:
    resolution: {integrity: sha512-G6T0ZX48xgozx7587koeX9Ys2NYy6Gmv//P89sEte9V9whIapMNF4idKxnW2QtCcLiTWlb/wfCabAtAFWhhBow==}
    engines: {node: '>=16 || 14 >=14.17'}

  module-error@1.0.2:
    resolution: {integrity: sha512-0yuvsqSCv8LbaOKhnsQ/T5JhyFlCYLPXK3U2sgV10zoKQwzs/MyfuQUOZQ1V/6OCOJsK/TRgNVrPuPDqtdMFtA==}
    engines: {node: '>=10'}

  ms@2.1.3:
    resolution: {integrity: sha512-6FlzubTLZG3J2a/NVCAleEhjzq5oxgHyaCU9yYXvcLsvoVaHJq/s5xXI6/XXP6tz7R9xAOtHnSO/tXtF3WRTlA==}

  node-fetch@2.7.0:
    resolution: {integrity: sha512-c4FRfUm/dbcWZ7U+1Wq0AwCyFL+3nt2bEw05wfxSz+DWpWsitgmSgYmy2dQdWyKC1694ELPqMs/YzUSNozLt8A==}
    engines: {node: 4.x || >=6.0.0}
    peerDependencies:
      encoding: ^0.1.0
    peerDependenciesMeta:
      encoding:
        optional: true

  node-gyp-build@4.8.4:
    resolution: {integrity: sha512-LA4ZjwlnUblHVgq0oBF3Jl/6h/Nvs5fzBLwdEF4nuxnFdsfajde4WfxtJr3CaiH+F6ewcIB/q4jQ4UzPyid+CQ==}
    hasBin: true

  onetime@7.0.0:
    resolution: {integrity: sha512-VXJjc87FScF88uafS3JllDgvAm+c/Slfz06lorj2uAY34rlUu0Nt+v8wreiImcrgAjjIHp1rXpTDlLOGw29WwQ==}
    engines: {node: '>=18'}

  pako@2.1.0:
    resolution: {integrity: sha512-w+eufiZ1WuJYgPXbV/PO3NCMEc3xqylkKHzp8bxp1uW4qaSNQUkwmLLEc3kKsfz8lpV1F8Ht3U1Cm+9Srog2ug==}

  parse-headers@2.0.6:
    resolution: {integrity: sha512-Tz11t3uKztEW5FEVZnj1ox8GKblWn+PvHY9TmJV5Mll2uHEwRdR/5Li1OlXoECjLYkApdhWy44ocONwXLiKO5A==}

  protobuf-varint@1.0.0:
    resolution: {integrity: sha512-UdQKkB/HjZg4CWy+g6PCU22G6KPK61fO6B3hYhK5cM0TmtOH4pyxJIbmGYNJajLREoJY/RiMZnBzGKBa3yS9CQ==}

  punycode.js@2.3.1:
    resolution: {integrity: sha512-uxFIHU0YlHYhDQtV4R9J6a52SLx28BCjT+4ieh7IGbgwVJWO+km431c4yRlREUAsAmt/uMjQUyQHNEPf0M39CA==}
    engines: {node: '>=6'}

  queue-microtask@1.2.3:
    resolution: {integrity: sha512-NuaNSa6flKT5JaSYQzJok04JzTL1CA6aGhv5rfLW3PgqA+M2ChpZQnAC8h8i4ZFkBS8X5RqkDBHA7r4hej3K9A==}

  qup@2.0.1:
    resolution: {integrity: sha512-Kp1K5To2/kUjdLtWL0YtGDrcGoNmixrhDTH++wHkRJz+mL3Pfv7q2q+BoamQcVoBxusqLepferUStPLi5z0WVQ==}

  restore-cursor@5.1.0:
    resolution: {integrity: sha512-oMA2dcrw6u0YfxJQXm342bFKX/E4sG9rbTzO9ptUcR/e8A33cHuvStiYOwH7fszkZlZ1z/ta9AAoPk2F4qIOHA==}
    engines: {node: '>=18'}

  rpc-websockets@9.2.0:
    resolution: {integrity: sha512-DS/XHdPxplQTtNRKiBCRWGBJfjOk56W7fyFUpiYi9fSTWTzoEMbUkn3J4gB0IMniIEVeAGR1/rzFQogzD5MxvQ==}

  run-parallel@1.2.0:
    resolution: {integrity: sha512-5l4VyZR86LZ/lDxZTR6jqL8AFE2S0IFLMP26AbjsLVADxHdhB/c0GUsH+y39UfCi3dzz8OlQuPmnaJOMoDHQBA==}

  safe-buffer@5.2.1:
    resolution: {integrity: sha512-rp3So07KcdmmKbGvgaNxQSJr7bGVSVk5S9Eq1F+ppbRo70+YeaDxkw5Dd8NPN+GD6bjnYm2VuPuCXmpuYvmCXQ==}

  signal-exit@4.1.0:
    resolution: {integrity: sha512-bzyZ1e88w9O1iNJbKnOlvYTrWPDl46O1bG0D3XInv+9tkPrxrN8jUUTiFlDkkmKWgn1M6CfIA13SuGqOa9Korw==}
    engines: {node: '>=14'}

  slice-ansi@7.1.2:
    resolution: {integrity: sha512-iOBWFgUX7caIZiuutICxVgX1SdxwAVFFKwt1EvMYYec/NWO5meOJ6K5uQxhrYBdQJne4KxiqZc+KptFOWFSI9w==}
    engines: {node: '>=18'}

  stream-chain@2.2.5:
    resolution: {integrity: sha512-1TJmBx6aSWqZ4tx7aTpBDXK0/e2hhcNSTV8+CbFJtDjbb+I1mZ8lHit0Grw9GRT+6JbIrrDd8esncgBi8aBXGA==}

  stream-json@1.9.1:
    resolution: {integrity: sha512-uWkjJ+2Nt/LO9Z/JyKZbMusL8Dkh97uUBTv3AJQ74y07lVahLY4eEFsPsE97pxYBwr8nnjMAIch5eqI0gPShyw==}

  string-width@7.2.0:
    resolution: {integrity: sha512-tsaTIkKW9b4N+AEj+SVA+WhJzV7/zMhcSu78mLKWSk7cXMOSHsBKFWUs0fWwq8QyK3MgJBQRX6Gbi4kYbdvGkQ==}
    engines: {node: '>=18'}

  strip-ansi@7.1.2:
    resolution: {integrity: sha512-gmBGslpoQJtgnMAvOVqGZpEz9dyoKTCzy2nfz/n8aIFhN/jCE/rCmcxabB6jOOHV+0WNnylOxaxBQPSvcWklhA==}
    engines: {node: '>=12'}

  superstruct@0.15.5:
    resolution: {integrity: sha512-4AOeU+P5UuE/4nOUkmcQdW5y7i9ndt1cQd/3iUe+LTz3RxESf/W/5lg4B74HbDMMv8PHnPnGCQFH45kBcrQYoQ==}

  superstruct@2.0.2:
    resolution: {integrity: sha512-uV+TFRZdXsqXTL2pRvujROjdZQ4RAlBUS5BTh9IGm+jTqQntYThciG/qu57Gs69yjnVUSqdxF9YLmSnpupBW9A==}
    engines: {node: '>=14.0.0'}

  text-encoding-utf-8@1.0.2:
    resolution: {integrity: sha512-8bw4MY9WjdsD2aMtO0OzOCY3pXGYNx2d2FfHRVUKkiCPDWjKuOlhLVASS+pD7VkLTVjW268LYJHwsnPFlBpbAg==}

  toml@3.0.0:
    resolution: {integrity: sha512-y/mWCZinnvxjTKYhJ+pYxwD0mRLVvOtdS2Awbgxln6iEnt4rk0yBxeSBHkGJcPucRiG0e55mwWp+g/05rsrd6w==}

  tr46@0.0.3:
    resolution: {integrity: sha512-N3WMsuqV66lT30CrXNbEjx4GEwlow3v6rr4mCcv6prnfwhS01rkgyFdjPNBYd9br7LpXV1+Emh01fHnq2Gdgrw==}

  tslib@2.8.1:
    resolution: {integrity: sha512-oJFu94HQb+KVduSUQL7wnpmqnfmLsOA/nAh6b6EH0wCEoK0/mPeXU6c3wKDV83MkOuHPRHtSXKKU99IBazS/2w==}

  typedoc@0.28.14:
    resolution: {integrity: sha512-ftJYPvpVfQvFzpkoSfHLkJybdA/geDJ8BGQt/ZnkkhnBYoYW6lBgPQXu6vqLxO4X75dA55hX8Af847H5KXlEFA==}
    engines: {node: '>= 18', pnpm: '>= 10'}
    hasBin: true
    peerDependencies:
      typescript: 5.0.x || 5.1.x || 5.2.x || 5.3.x || 5.4.x || 5.5.x || 5.6.x || 5.7.x || 5.8.x || 5.9.x

  typeforce@1.18.0:
    resolution: {integrity: sha512-7uc1O8h1M1g0rArakJdf0uLRSSgFcYexrVoKo+bzJd32gd4gDy2L/Z+8/FjPnU9ydY3pEnVPtr9FyscYY60K1g==}

  typescript@5.7.3:
    resolution: {integrity: sha512-84MVSjMEHP+FQRPy3pX9sTVV/INIex71s9TL2Gm5FG/WG1SqXeKyZ0k7/blY/4FdOzI12CBy1vGc4og/eus0fw==}
    engines: {node: '>=14.17'}
    hasBin: true

  uc.micro@2.1.0:
    resolution: {integrity: sha512-ARDJmphmdvUk6Glw7y9DQ2bFkKBHwQHLi2lsaH6PPmz/Ka9sFOBsBluozhDltWmnv9u/cF6Rt87znRTPV+yp/A==}

  uint8array-tools@0.0.8:
    resolution: {integrity: sha512-xS6+s8e0Xbx++5/0L+yyexukU7pz//Yg6IHg3BKhXotg1JcYtgxVcUctQ0HxLByiJzpAkNFawz1Nz5Xadzo82g==}
    engines: {node: '>=14.0.0'}

  uint8array-tools@0.0.9:
    resolution: {integrity: sha512-9vqDWmoSXOoi+K14zNaf6LBV51Q8MayF0/IiQs3GlygIKUYtog603e6virExkjjFosfJUBI4LhbQK1iq8IG11A==}
    engines: {node: '>=14.0.0'}

  undici-types@6.21.0:
    resolution: {integrity: sha512-iwDZqg0QAGrg9Rav5H4n0M64c3mkR59cJ6wQp+7C4nI0gsmExaedaYLNO44eT4AtBBwjbTiGPMlt2Md0T9H9JQ==}

  utf-8-validate@5.0.10:
    resolution: {integrity: sha512-Z6czzLq4u8fPOyx7TU6X3dvUZVvoJmxSQ+IcrlmagKhilxlhZgxPK6C5Jqbkw1IDUmFTM+cz9QDnnLTwDz/2gQ==}
    engines: {node: '>=6.14.2'}

  uuid@8.3.2:
    resolution: {integrity: sha512-+NYs2QeMWy+GWFOEm9xnn6HCDp0l7QBD7ml8zLUmJ+93Q5NF0NocErnwkTkXVFNiX3/fpC6afS8Dhb/gz7R7eg==}
    hasBin: true

  valibot@0.38.0:
    resolution: {integrity: sha512-RCJa0fetnzp+h+KN9BdgYOgtsMAG9bfoJ9JSjIhFHobKWVWyzM3jjaeNTdpFK9tQtf3q1sguXeERJ/LcmdFE7w==}
    peerDependencies:
      typescript: '>=5'
    peerDependenciesMeta:
      typescript:
        optional: true

  varstruct@6.1.3:
    resolution: {integrity: sha512-4l1Q7uxrVUBZXsMcb2cakrZL6gd4G+Ykn/m9cGnT4EY8iRBPkxOxKVDwOnL9AsIPKmREBx5BDqjfNMKKP6Zy2w==}
    engines: {node: '>=10.0.0'}

  varuint-bitcoin@1.1.2:
    resolution: {integrity: sha512-4EVb+w4rx+YfVM32HQX42AbbT7/1f5zwAYhIujKXKk8NQK+JfRVl3pqT3hjNn/L+RstigmGGKVwHA/P0wgITZw==}

  varuint-bitcoin@2.0.0:
    resolution: {integrity: sha512-6QZbU/rHO2ZQYpWFDALCDSRsXbAs1VOEmXAxtbtjLtKuMJ/FQ8YbhfxlaiKv5nklci0M6lZtlZyxo9Q+qNnyog==}

  webidl-conversions@3.0.1:
    resolution: {integrity: sha512-2JAn3z8AR6rjK8Sm8orRC0h/bcl/DqL7tRPdGZ4I1CjdF+EaMLmYxBHyXuKL849eucPFhvBoxMsflfOb8kxaeQ==}

  whatwg-url@5.0.0:
    resolution: {integrity: sha512-saE57nupxk6v3HY35+jzBwYa0rKSy0XR8JSxZPwgLr7ys0IBzhGviA1/TUGJLmSVqs8pb9AnvICXEuOHLprYTw==}

  wrap-ansi@9.0.2:
    resolution: {integrity: sha512-42AtmgqjV+X1VpdOfyTGOYRi0/zsoLqtXQckTmqTeybT+BDIbM/Guxo7x3pE2vtpr1ok6xRqM9OpBe+Jyoqyww==}
    engines: {node: '>=18'}

  ws@7.5.10:
    resolution: {integrity: sha512-+dbF1tHwZpXcbOJdVOkzLDxZP1ailvSxM6ZweXTegylPny803bFhA+vqBYw4s31NSAk4S2Qz+AKXK9a4wkdjcQ==}
    engines: {node: '>=8.3.0'}
    peerDependencies:
      bufferutil: ^4.0.1
      utf-8-validate: ^5.0.2
    peerDependenciesMeta:
      bufferutil:
        optional: true
      utf-8-validate:
        optional: true

  ws@8.18.3:
    resolution: {integrity: sha512-PEIGCY5tSlUt50cqyMXfCzX+oOPqN0vuGqWzbcJ2xvnkzkq46oOpz7dQaTDBdfICb4N14+GARUDw2XV2N4tvzg==}
    engines: {node: '>=10.0.0'}
    peerDependencies:
      bufferutil: ^4.0.1
      utf-8-validate: '>=5.0.2'
    peerDependenciesMeta:
      bufferutil:
        optional: true
      utf-8-validate:
        optional: true

  yajrpc@1.4.4:
    resolution: {integrity: sha512-yG8TNiMw0BeEexEAWWnVzsB/D1u4s4PdOf6flfykJLTQwcghLojO0M+y8XbyqdO3dsrULJhQ2wsoukkMWbsQHA==}

  yaml@2.8.1:
    resolution: {integrity: sha512-lcYcMxX2PO9XMGvAJkJ3OsNMw+/7FKes7/hgerGUYWIoWu5j/+YQqcZr5JnPZWzOsEBgMbSbiSTn/dv/69Mkpw==}
    engines: {node: '>= 14.6'}
    hasBin: true

snapshots:

  '@babel/runtime@7.28.4': {}

  '@coral-xyz/anchor-errors@0.31.1': {}

  '@coral-xyz/anchor@0.31.1(bufferutil@4.0.9)(typescript@5.7.3)(utf-8-validate@5.0.10)':
    dependencies:
      '@coral-xyz/anchor-errors': 0.31.1
      '@coral-xyz/borsh': 0.31.1(@solana/web3.js@1.98.4(bufferutil@4.0.9)(typescript@5.7.3)(utf-8-validate@5.0.10))
      '@noble/hashes': 1.8.0
      '@solana/web3.js': 1.98.4(bufferutil@4.0.9)(typescript@5.7.3)(utf-8-validate@5.0.10)
      bn.js: 5.2.2
      bs58: 4.0.1
      buffer-layout: 1.2.2
      camelcase: 6.3.0
      cross-fetch: 3.2.0
      eventemitter3: 4.0.7
      pako: 2.1.0
      superstruct: 0.15.5
      toml: 3.0.0
    transitivePeerDependencies:
      - bufferutil
      - encoding
      - typescript
      - utf-8-validate

  '@coral-xyz/borsh@0.31.1(@solana/web3.js@1.98.4(bufferutil@4.0.9)(typescript@5.7.3)(utf-8-validate@5.0.10))':
    dependencies:
      '@solana/web3.js': 1.98.4(bufferutil@4.0.9)(typescript@5.7.3)(utf-8-validate@5.0.10)
      bn.js: 5.2.2
      buffer-layout: 1.2.2

  '@gerrit0/mini-shiki@3.14.0':
    dependencies:
      '@shikijs/engine-oniguruma': 3.14.0
      '@shikijs/langs': 3.14.0
      '@shikijs/themes': 3.14.0
      '@shikijs/types': 3.14.0
      '@shikijs/vscode-textmate': 10.0.2

  '@jsr/std__bytes@1.0.6': {}

  '@jsr/std__streams@1.0.13':
    dependencies:
      '@jsr/std__bytes': 1.0.6

  '@noble/curves@1.9.7':
    dependencies:
      '@noble/hashes': 1.8.0

  '@noble/curves@2.0.1':
    dependencies:
      '@noble/hashes': 2.0.1

  '@noble/ed25519@3.0.0': {}

  '@noble/hashes@1.8.0': {}

  '@noble/hashes@2.0.1': {}

  '@noble/secp256k1@3.0.0': {}

  '@scure/base@2.0.0': {}

  '@scure/bip32@2.0.1':
    dependencies:
      '@noble/curves': 2.0.1
      '@noble/hashes': 2.0.1
      '@scure/base': 2.0.0

  '@scure/bip39@2.0.1':
    dependencies:
      '@noble/hashes': 2.0.1
      '@scure/base': 2.0.0

  '@shikijs/engine-oniguruma@3.14.0':
    dependencies:
      '@shikijs/types': 3.14.0
      '@shikijs/vscode-textmate': 10.0.2

  '@shikijs/langs@3.14.0':
    dependencies:
      '@shikijs/types': 3.14.0

  '@shikijs/themes@3.14.0':
    dependencies:
      '@shikijs/types': 3.14.0

  '@shikijs/types@3.14.0':
    dependencies:
      '@shikijs/vscode-textmate': 10.0.2
      '@types/hast': 3.0.4

  '@shikijs/vscode-textmate@10.0.2': {}

  '@solana/buffer-layout-utils@0.2.0(bufferutil@4.0.9)(typescript@5.7.3)(utf-8-validate@5.0.10)':
    dependencies:
      '@solana/buffer-layout': 4.0.1
      '@solana/web3.js': 1.98.4(bufferutil@4.0.9)(typescript@5.7.3)(utf-8-validate@5.0.10)
      bigint-buffer: 1.1.5
      bignumber.js: 9.3.1
    transitivePeerDependencies:
      - bufferutil
      - encoding
      - typescript
      - utf-8-validate

  '@solana/buffer-layout@4.0.1':
    dependencies:
      buffer: 6.0.3

  '@solana/codecs-core@2.0.0-rc.1(typescript@5.7.3)':
    dependencies:
      '@solana/errors': 2.0.0-rc.1(typescript@5.7.3)
      typescript: 5.7.3

  '@solana/codecs-core@2.3.0(typescript@5.7.3)':
    dependencies:
      '@solana/errors': 2.3.0(typescript@5.7.3)
      typescript: 5.7.3

  '@solana/codecs-data-structures@2.0.0-rc.1(typescript@5.7.3)':
    dependencies:
      '@solana/codecs-core': 2.0.0-rc.1(typescript@5.7.3)
      '@solana/codecs-numbers': 2.0.0-rc.1(typescript@5.7.3)
      '@solana/errors': 2.0.0-rc.1(typescript@5.7.3)
      typescript: 5.7.3

  '@solana/codecs-numbers@2.0.0-rc.1(typescript@5.7.3)':
    dependencies:
      '@solana/codecs-core': 2.0.0-rc.1(typescript@5.7.3)
      '@solana/errors': 2.0.0-rc.1(typescript@5.7.3)
      typescript: 5.7.3

  '@solana/codecs-numbers@2.3.0(typescript@5.7.3)':
    dependencies:
      '@solana/codecs-core': 2.3.0(typescript@5.7.3)
      '@solana/errors': 2.3.0(typescript@5.7.3)
      typescript: 5.7.3

  '@solana/codecs-strings@2.0.0-rc.1(fastestsmallesttextencoderdecoder@1.0.22)(typescript@5.7.3)':
    dependencies:
      '@solana/codecs-core': 2.0.0-rc.1(typescript@5.7.3)
      '@solana/codecs-numbers': 2.0.0-rc.1(typescript@5.7.3)
      '@solana/errors': 2.0.0-rc.1(typescript@5.7.3)
      fastestsmallesttextencoderdecoder: 1.0.22
      typescript: 5.7.3

  '@solana/codecs@2.0.0-rc.1(fastestsmallesttextencoderdecoder@1.0.22)(typescript@5.7.3)':
    dependencies:
      '@solana/codecs-core': 2.0.0-rc.1(typescript@5.7.3)
      '@solana/codecs-data-structures': 2.0.0-rc.1(typescript@5.7.3)
      '@solana/codecs-numbers': 2.0.0-rc.1(typescript@5.7.3)
      '@solana/codecs-strings': 2.0.0-rc.1(fastestsmallesttextencoderdecoder@1.0.22)(typescript@5.7.3)
      '@solana/options': 2.0.0-rc.1(fastestsmallesttextencoderdecoder@1.0.22)(typescript@5.7.3)
      typescript: 5.7.3
    transitivePeerDependencies:
      - fastestsmallesttextencoderdecoder

  '@solana/errors@2.0.0-rc.1(typescript@5.7.3)':
    dependencies:
      chalk: 5.6.2
      commander: 12.1.0
      typescript: 5.7.3

  '@solana/errors@2.3.0(typescript@5.7.3)':
    dependencies:
      chalk: 5.6.2
      commander: 14.0.2
      typescript: 5.7.3

  '@solana/options@2.0.0-rc.1(fastestsmallesttextencoderdecoder@1.0.22)(typescript@5.7.3)':
    dependencies:
      '@solana/codecs-core': 2.0.0-rc.1(typescript@5.7.3)
      '@solana/codecs-data-structures': 2.0.0-rc.1(typescript@5.7.3)
      '@solana/codecs-numbers': 2.0.0-rc.1(typescript@5.7.3)
      '@solana/codecs-strings': 2.0.0-rc.1(fastestsmallesttextencoderdecoder@1.0.22)(typescript@5.7.3)
      '@solana/errors': 2.0.0-rc.1(typescript@5.7.3)
      typescript: 5.7.3
    transitivePeerDependencies:
      - fastestsmallesttextencoderdecoder

  '@solana/spl-token-group@0.0.7(@solana/web3.js@1.98.4(bufferutil@4.0.9)(typescript@5.7.3)(utf-8-validate@5.0.10))(fastestsmallesttextencoderdecoder@1.0.22)(typescript@5.7.3)':
    dependencies:
      '@solana/codecs': 2.0.0-rc.1(fastestsmallesttextencoderdecoder@1.0.22)(typescript@5.7.3)
      '@solana/web3.js': 1.98.4(bufferutil@4.0.9)(typescript@5.7.3)(utf-8-validate@5.0.10)
    transitivePeerDependencies:
      - fastestsmallesttextencoderdecoder
      - typescript

  '@solana/spl-token-metadata@0.1.6(@solana/web3.js@1.98.4(bufferutil@4.0.9)(typescript@5.7.3)(utf-8-validate@5.0.10))(fastestsmallesttextencoderdecoder@1.0.22)(typescript@5.7.3)':
    dependencies:
      '@solana/codecs': 2.0.0-rc.1(fastestsmallesttextencoderdecoder@1.0.22)(typescript@5.7.3)
      '@solana/web3.js': 1.98.4(bufferutil@4.0.9)(typescript@5.7.3)(utf-8-validate@5.0.10)
    transitivePeerDependencies:
      - fastestsmallesttextencoderdecoder
      - typescript

  '@solana/spl-token@0.4.14(@solana/web3.js@1.98.4(bufferutil@4.0.9)(typescript@5.7.3)(utf-8-validate@5.0.10))(bufferutil@4.0.9)(fastestsmallesttextencoderdecoder@1.0.22)(typescript@5.7.3)(utf-8-validate@5.0.10)':
    dependencies:
      '@solana/buffer-layout': 4.0.1
      '@solana/buffer-layout-utils': 0.2.0(bufferutil@4.0.9)(typescript@5.7.3)(utf-8-validate@5.0.10)
      '@solana/spl-token-group': 0.0.7(@solana/web3.js@1.98.4(bufferutil@4.0.9)(typescript@5.7.3)(utf-8-validate@5.0.10))(fastestsmallesttextencoderdecoder@1.0.22)(typescript@5.7.3)
      '@solana/spl-token-metadata': 0.1.6(@solana/web3.js@1.98.4(bufferutil@4.0.9)(typescript@5.7.3)(utf-8-validate@5.0.10))(fastestsmallesttextencoderdecoder@1.0.22)(typescript@5.7.3)
      '@solana/web3.js': 1.98.4(bufferutil@4.0.9)(typescript@5.7.3)(utf-8-validate@5.0.10)
      buffer: 6.0.3
    transitivePeerDependencies:
      - bufferutil
      - encoding
      - fastestsmallesttextencoderdecoder
      - typescript
      - utf-8-validate

  '@solana/web3.js@1.98.4(bufferutil@4.0.9)(typescript@5.7.3)(utf-8-validate@5.0.10)':
    dependencies:
      '@babel/runtime': 7.28.4
      '@noble/curves': 1.9.7
      '@noble/hashes': 1.8.0
      '@solana/buffer-layout': 4.0.1
      '@solana/codecs-numbers': 2.3.0(typescript@5.7.3)
      agentkeepalive: 4.6.0
      bn.js: 5.2.2
      borsh: 0.7.0
      bs58: 4.0.1
      buffer: 6.0.3
      fast-stable-stringify: 1.0.0
      jayson: 4.2.0(bufferutil@4.0.9)(utf-8-validate@5.0.10)
      node-fetch: 2.7.0
      rpc-websockets: 9.2.0
      superstruct: 2.0.2
    transitivePeerDependencies:
      - bufferutil
      - encoding
      - typescript
      - utf-8-validate

  '@swc/helpers@0.5.17':
    dependencies:
      tslib: 2.8.1

  '@types/connect@3.4.38':
    dependencies:
      '@types/node': 20.19.23

  '@types/deno@2.5.0': {}

  '@types/hast@3.0.4':
    dependencies:
      '@types/unist': 3.0.3

  '@types/node@12.20.55': {}

  '@types/node@20.19.23':
    dependencies:
      undici-types: 6.21.0

  '@types/unist@3.0.3': {}

  '@types/uuid@8.3.4': {}

  '@types/ws@7.4.7':
    dependencies:
      '@types/node': 20.19.23

  '@types/ws@8.18.1':
    dependencies:
      '@types/node': 20.19.23

  abstract-level@3.1.1:
    dependencies:
      buffer: 6.0.3
      is-buffer: 2.0.5
      level-supports: 6.2.0
      level-transcoder: 1.0.1
      maybe-combine-errors: 1.0.0
      module-error: 1.0.2

  agentkeepalive@4.6.0:
    dependencies:
      humanize-ms: 1.2.1

  ansi-escapes@7.1.1:
    dependencies:
      environment: 1.1.0

  ansi-regex@6.2.2: {}

  ansi-styles@6.2.3: {}

  argparse@2.0.1: {}

  balanced-match@1.0.2: {}

  base-x@3.0.11:
    dependencies:
      safe-buffer: 5.2.1

  base-x@5.0.1: {}

  base64-js@1.5.1: {}

  bech32@2.0.0: {}

  bigint-buffer@1.1.5:
    dependencies:
      bindings: 1.5.0

  bignumber.js@9.3.1: {}

  bindings@1.5.0:
    dependencies:
      file-uri-to-path: 1.0.0

  bip174@3.0.0:
    dependencies:
      uint8array-tools: 0.0.9
      varuint-bitcoin: 2.0.0

  bitcoinjs-lib@7.0.0(typescript@5.7.3):
    dependencies:
      '@noble/hashes': 1.8.0
      bech32: 2.0.0
      bip174: 3.0.0
      bs58check: 4.0.0
      uint8array-tools: 0.0.9
      valibot: 0.38.0(typescript@5.7.3)
      varuint-bitcoin: 2.0.0
    transitivePeerDependencies:
      - typescript

  bn.js@5.2.2: {}

  borsh@0.7.0:
    dependencies:
      bn.js: 5.2.2
      bs58: 4.0.1
      text-encoding-utf-8: 1.0.2

  brace-expansion@2.0.2:
    dependencies:
      balanced-match: 1.0.2

  browser-level@3.0.0:
    dependencies:
      abstract-level: 3.1.1

  bs58@4.0.1:
    dependencies:
      base-x: 3.0.11

  bs58@6.0.0:
    dependencies:
      base-x: 5.0.1

  bs58check@4.0.0:
    dependencies:
      '@noble/hashes': 1.8.0
      bs58: 6.0.0

  buffer-layout@1.2.2: {}

  buffer@6.0.3:
    dependencies:
      base64-js: 1.5.1
      ieee754: 1.2.1

  bufferutil@4.0.9:
    dependencies:
      node-gyp-build: 4.8.4
    optional: true

  camelcase@6.3.0: {}

  case@1.6.3: {}

  chalk@5.6.2: {}

  cli-cursor@5.0.0:
    dependencies:
      restore-cursor: 5.1.0

  commander@12.1.0: {}

  commander@14.0.2: {}

  commander@2.20.3: {}

  cross-fetch@3.2.0:
    dependencies:
      node-fetch: 2.7.0
    transitivePeerDependencies:
      - encoding

  debug@4.4.3:
    dependencies:
      ms: 2.1.3
    optional: true

  delay@5.0.0: {}

  dhttp@2.5.0:
    dependencies:
      http-status-codes: 1.4.0
      parse-headers: 2.0.6

  emoji-regex@10.6.0: {}

  entities@4.5.0: {}

  environment@1.1.0: {}

  es6-promise@4.2.8: {}

  es6-promisify@5.0.0:
    dependencies:
      es6-promise: 4.2.8

  eventemitter3@4.0.7: {}

  eventemitter3@5.0.1: {}

  eyes@0.1.8: {}

  fast-stable-stringify@1.0.0: {}

  fastestsmallesttextencoderdecoder@1.0.22: {}

  file-uri-to-path@1.0.0: {}

  get-east-asian-width@1.4.0: {}

  http-status-codes@1.4.0: {}

  humanize-ms@1.2.1:
    dependencies:
      ms: 2.1.3

  ieee754@1.2.1: {}

  indexd@0.9.1:
    dependencies:
      run-parallel: 1.2.0
      typeforce: 1.18.0
      varstruct: 6.1.3
      varuint-bitcoin: 1.1.2
    optionalDependencies:
      debug: 4.4.3
    transitivePeerDependencies:
      - supports-color

  int53@0.2.4: {}

  is-buffer@2.0.5: {}

  is-fullwidth-code-point@5.1.0:
    dependencies:
      get-east-asian-width: 1.4.0

  isomorphic-ws@4.0.1(ws@7.5.10(bufferutil@4.0.9)(utf-8-validate@5.0.10)):
    dependencies:
      ws: 7.5.10(bufferutil@4.0.9)(utf-8-validate@5.0.10)

  jayson@4.2.0(bufferutil@4.0.9)(utf-8-validate@5.0.10):
    dependencies:
      '@types/connect': 3.4.38
      '@types/node': 12.20.55
      '@types/ws': 7.4.7
      commander: 2.20.3
      delay: 5.0.0
      es6-promisify: 5.0.0
      eyes: 0.1.8
      isomorphic-ws: 4.0.1(ws@7.5.10(bufferutil@4.0.9)(utf-8-validate@5.0.10))
      json-stringify-safe: 5.0.1
      stream-json: 1.9.1
      uuid: 8.3.2
      ws: 7.5.10(bufferutil@4.0.9)(utf-8-validate@5.0.10)
    transitivePeerDependencies:
      - bufferutil
      - utf-8-validate

  json-stringify-safe@5.0.1: {}

  level-supports@6.2.0: {}

  level-transcoder@1.0.1:
    dependencies:
      buffer: 6.0.3
      module-error: 1.0.2

  linkify-it@5.0.0:
    dependencies:
      uc.micro: 2.1.0

  log-update@7.0.1:
    dependencies:
      ansi-escapes: 7.1.1
      cli-cursor: 5.0.0
      slice-ansi: 7.1.2
      strip-ansi: 7.1.2
      wrap-ansi: 9.0.2

  lunr@2.3.9: {}

  markdown-it@14.1.0:
    dependencies:
      argparse: 2.0.1
      entities: 4.5.0
      linkify-it: 5.0.0
      mdurl: 2.0.0
      punycode.js: 2.3.1
      uc.micro: 2.1.0

  maybe-combine-errors@1.0.0: {}

  mdurl@2.0.0: {}

  mimic-function@5.0.1: {}

  minimatch@9.0.5:
    dependencies:
      brace-expansion: 2.0.2

  module-error@1.0.2: {}

  ms@2.1.3: {}

  node-fetch@2.7.0:
    dependencies:
      whatwg-url: 5.0.0

  node-gyp-build@4.8.4:
    optional: true

  onetime@7.0.0:
    dependencies:
      mimic-function: 5.0.1

  pako@2.1.0: {}

  parse-headers@2.0.6: {}

  protobuf-varint@1.0.0: {}

  punycode.js@2.3.1: {}

  queue-microtask@1.2.3: {}

  qup@2.0.1: {}

  restore-cursor@5.1.0:
    dependencies:
      onetime: 7.0.0
      signal-exit: 4.1.0

  rpc-websockets@9.2.0:
    dependencies:
      '@swc/helpers': 0.5.17
      '@types/uuid': 8.3.4
      '@types/ws': 8.18.1
      buffer: 6.0.3
      eventemitter3: 5.0.1
      uuid: 8.3.2
      ws: 8.18.3(bufferutil@4.0.9)(utf-8-validate@5.0.10)
    optionalDependencies:
      bufferutil: 4.0.9
      utf-8-validate: 5.0.10

  run-parallel@1.2.0:
    dependencies:
      queue-microtask: 1.2.3

  safe-buffer@5.2.1: {}

  signal-exit@4.1.0: {}

  slice-ansi@7.1.2:
    dependencies:
      ansi-styles: 6.2.3
      is-fullwidth-code-point: 5.1.0

  stream-chain@2.2.5: {}

  stream-json@1.9.1:
    dependencies:
      stream-chain: 2.2.5

  string-width@7.2.0:
    dependencies:
      emoji-regex: 10.6.0
      get-east-asian-width: 1.4.0
      strip-ansi: 7.1.2

  strip-ansi@7.1.2:
    dependencies:
      ansi-regex: 6.2.2

  superstruct@0.15.5: {}

  superstruct@2.0.2: {}

  text-encoding-utf-8@1.0.2: {}

  toml@3.0.0: {}

  tr46@0.0.3: {}

  tslib@2.8.1: {}

  typedoc@0.28.14(typescript@5.7.3):
    dependencies:
      '@gerrit0/mini-shiki': 3.14.0
      lunr: 2.3.9
      markdown-it: 14.1.0
      minimatch: 9.0.5
      typescript: 5.7.3
      yaml: 2.8.1

  typeforce@1.18.0: {}

  typescript@5.7.3: {}

  uc.micro@2.1.0: {}

  uint8array-tools@0.0.8: {}

  uint8array-tools@0.0.9: {}

  undici-types@6.21.0: {}

  utf-8-validate@5.0.10:
    dependencies:
      node-gyp-build: 4.8.4
    optional: true

  uuid@8.3.2: {}

  valibot@0.38.0(typescript@5.7.3):
    optionalDependencies:
      typescript: 5.7.3

  varstruct@6.1.3:
    dependencies:
      int53: 0.2.4
      safe-buffer: 5.2.1

  varuint-bitcoin@1.1.2:
    dependencies:
      safe-buffer: 5.2.1

  varuint-bitcoin@2.0.0:
    dependencies:
      uint8array-tools: 0.0.8

  webidl-conversions@3.0.1: {}

  whatwg-url@5.0.0:
    dependencies:
      tr46: 0.0.3
      webidl-conversions: 3.0.1

  wrap-ansi@9.0.2:
    dependencies:
      ansi-styles: 6.2.3
      string-width: 7.2.0
      strip-ansi: 7.1.2

  ws@7.5.10(bufferutil@4.0.9)(utf-8-validate@5.0.10):
    optionalDependencies:
      bufferutil: 4.0.9
      utf-8-validate: 5.0.10

  ws@8.18.3(bufferutil@4.0.9)(utf-8-validate@5.0.10):
    optionalDependencies:
      bufferutil: 4.0.9
      utf-8-validate: 5.0.10

  yajrpc@1.4.4:
    dependencies:
      dhttp: 2.5.0
      qup: 2.0.1
      typeforce: 1.18.0

  yaml@2.8.1: {}
