{
  "version": "4",
  "specifiers": {
    "npm:@hackbg/4mat@*": "3.1.2",
    "npm:@hackbg/borshest@*": "1.0.0",
    "npm:@hackbg/dump@*": "1.0.2",
    "npm:@hackbg/hide@*": "1.0.4",
    "npm:@hackbg/into@*": "1.0.1",
    "npm:@hackbg/logs@*": "2.3.2",
    "npm:@hackbg/oops@*": "1.1.0"
  },
  "npm": {
    "@hackbg/4mat@3.1.2": {
      "integrity": "sha512-lALDIKpqTe8YUwFVhpYQU05hgslNw7UDkcjtx2KyvOwQF4mwNNORy5bfKBNcZTemik2CgopGMEUNYD7WTGznvg==",
      "dependencies": [
        "@hackbg/dump",
        "@noble/curves",
        "@noble/hashes@1.6.1",
        "@scure/base",
        "@scure/bip32",
        "@scure/bip39",
        "case"
      ]
    },
    "@hackbg/allo@1.0.3": {
      "integrity": "sha512-+KHXWrDGuQG8X2LTNd2WazJbjdIbnZoUNE9quf3ShRBPi2VzlEo9wXzJa9WWFPOFud6g80o3WH5HiGpilynoag=="
    },
    "@hackbg/borshest@1.0.0": {
      "integrity": "sha512-BOqH5qvjyJ8O1SnJodh5a7i6xS8FA8LzFL7+A7hgoFAOdbUdVA2zmtm7BSBU+gnMq9QHX8ZsgAmKpyIBDmxO7w=="
    },
    "@hackbg/dump@1.0.2": {
      "integrity": "sha512-QMWrHeT9E3c9k1RygLcTPRFJFVIBmjASNNwS5GvUF7jvWh0lvJDU/1LzjOiWnJLRZzfW8q6TMTM3DbnS31DlYw=="
    },
    "@hackbg/hide@1.0.4": {
      "integrity": "sha512-jBCbti4r0OHgOrc5Cq5ZA7jvITbLZn3tHM6jnYQls0LtqPMhLN7pUHIsQmRPSyWi3oYepj4TweueAPq7Hd5GrA=="
    },
    "@hackbg/into@1.0.1": {
      "integrity": "sha512-GVy+9McV7r8yDqTJDxEjQz18Hdkxtz3ZcaTMOsrjXs6gWaH1G4/xSjTmHUaQLctdm3G/941ieB6IGhcXaO22Ow=="
    },
    "@hackbg/logs@2.3.2": {
      "integrity": "sha512-yAb2blXJ1Ag2UfW8fxPRj7XkVffDkw3ebzXIvg0BE/K/xwbyrkcmlBBomSzgoqfqpA3TOpBbVz5H8GH4tS5xxw==",
      "dependencies": [
        "@hackbg/allo",
        "@hackbg/hide",
        "chalk"
      ]
    },
    "@hackbg/oops@1.1.0": {
      "integrity": "sha512-/PFezBVsWEaRo6g0TSFk5CVZYi1bHjt+CSEAFeuF2rJcgv/OscAXT6d9xDTILm64RAem5LlJ8UxxLSwlfTX5/Q=="
    },
    "@noble/curves@1.7.0": {
      "integrity": "sha512-UTMhXK9SeDhFJVrHeUJ5uZlI6ajXg10O6Ddocf9S6GjbSBVZsJo88HzKwXznNfGpMTRDyJkqMjNDPYgf0qFWnw==",
      "dependencies": [
        "@noble/hashes@1.6.0"
      ]
    },
    "@noble/hashes@1.6.0": {
      "integrity": "sha512-YUULf0Uk4/mAA89w+k3+yUYh6NrEvxZa5T6SY3wlMvE2chHkxFUUIDI8/XW1QSC357iA5pSnqt7XEhvFOqmDyQ=="
    },
    "@noble/hashes@1.6.1": {
      "integrity": "sha512-pq5D8h10hHBjyqX+cfBm0i8JUXJ0UhczFc4r74zbuT9XgewFo2E3J1cOaGtdZynILNmQ685YWGzGE1Zv6io50w=="
    },
    "@scure/base@1.2.1": {
      "integrity": "sha512-DGmGtC8Tt63J5GfHgfl5CuAXh96VF/LD8K9Hr/Gv0J2lAoRGlPOMpqMpMbCTOoOJMZCk2Xt+DskdDyn6dEFdzQ=="
    },
    "@scure/bip32@1.6.0": {
      "integrity": "sha512-82q1QfklrUUdXJzjuRU7iG7D7XiFx5PHYVS0+oeNKhyDLT7WPqs6pBcM2W5ZdwOwKCwoE1Vy1se+DHjcXwCYnA==",
      "dependencies": [
        "@noble/curves",
        "@noble/hashes@1.6.1",
        "@scure/base"
      ]
    },
    "@scure/bip39@1.5.0": {
      "integrity": "sha512-Dop+ASYhnrwm9+HA/HwXg7j2ZqM6yk2fyLWb5znexjctFY3+E+eU8cIWI0Pql0Qx4hPZCijlGq4OL71g+Uz30A==",
      "dependencies": [
        "@noble/hashes@1.6.1",
        "@scure/base"
      ]
    },
    "ansi-styles@4.3.0": {
      "integrity": "sha512-zbB9rCJAT1rbjiVDb2hqKFHNYLxgtk8NURxZ3IZwD3F6NtxbXZQCnnSi1Lkx+IDohdPlFp222wVALIheZJQSEg==",
      "dependencies": [
        "color-convert"
      ]
    },
    "case@1.6.3": {
      "integrity": "sha512-mzDSXIPaFwVDvZAHqZ9VlbyF4yyXRuX6IvB06WvPYkqJVO24kX1PPhv9bfpKNFZyxYFmmgo03HUiD8iklmJYRQ=="
    },
    "chalk@4.1.2": {
      "integrity": "sha512-oKnbhFyRIXpUuez8iBMmyEa4nbj4IOQyuhc/wy9kY7/WVPcwIO9VA668Pu8RkO7+0G76SLROeyw9CpQ061i4mA==",
      "dependencies": [
        "ansi-styles",
        "supports-color"
      ]
    },
    "color-convert@2.0.1": {
      "integrity": "sha512-RRECPsj7iu/xb5oKYcsFHSppFNnsj/52OVTRKb4zP5onXwVF3zVmmToNcOfGC+CRDpfK/U584fMg38ZHCaElKQ==",
      "dependencies": [
        "color-name"
      ]
    },
    "color-name@1.1.4": {
      "integrity": "sha512-dOy+3AuW3a2wNbZHIuMZpTcgjGuLU/uBL/ubcZF9OXbDo8ff4O8yVp5Bf0efS8uEoYo5q4Fx7dY9OgQGXgAsQA=="
    },
    "has-flag@4.0.0": {
      "integrity": "sha512-EykJT/Q1KjTWctppgIAgfSO0tKVuZUjhgMr17kqTumMl6Afv3EISleU7qZUzoXDFTAHTDC4NOoG/ZxU3EvlMPQ=="
    },
    "supports-color@7.2.0": {
      "integrity": "sha512-qpCAvRl9stuOHveKsn7HncJRvv501qIacKzQlO/+Lwxc9+0q2wLyv4Dfvt80/DPn2pqOBsJdDiogXGR9+OvwRw==",
      "dependencies": [
        "has-flag"
      ]
    }
  },
  "workspace": {
    "dependencies": [
      "npm:@hackbg/4mat@*",
      "npm:@hackbg/borshest@*",
      "npm:@hackbg/logs@*"
    ]
  }
}
