{
  "version": "4",
  "specifiers": {
    "npm:@hackbg/4mat@*": "3.1.2",
    "npm:@hackbg/borshest@*": "1.0.0",
    "npm:@hackbg/dump@*": "1.0.2",
    "npm:@hackbg/fadroma@*": "2.0.0-rc.23",
    "npm:@hackbg/hide@*": "1.0.4",
    "npm:@hackbg/into@*": "1.0.1",
    "npm:@hackbg/logs@*": "2.3.2",
    "npm:@hackbg/oops@*": "1.1.0",
    "npm:@types/node@*": "22.5.4"
  },
  "npm": {
    "@babel/runtime@7.26.0": {
      "integrity": "sha512-FDSOghenHTiToteC/QRlv2q3DhPZ/oOXTBoirfWNx1Cx3TMVcGWQtMMmQcSvb/JjpNeGzx8Pq/b4fKEJuWm1sw==",
      "dependencies": [
        "regenerator-runtime"
      ]
    },
    "@fadroma/agent@2.0.0-rc.17": {
      "integrity": "sha512-O67427ObwszlkBcggTy9X2amwOG4eG3G/5TJA+zFSc54I8z6MpWAGIyf9kl9KdVF0LcS6hNiT2D8W6FOi57Npg==",
      "dependencies": [
        "@hackbg/4mat@2.4.1",
        "@hackbg/dump",
        "@hackbg/hide",
        "@hackbg/into",
        "@hackbg/logs@2.3.2",
        "@hackbg/oops"
      ]
    },
    "@fadroma/agent@2.0.0-rc.19": {
      "integrity": "sha512-aXQU0HG9ZdV/vbi0JIuVXKajKntu3abPU/PTPpiKP3XGlVhSlmP7QV0MYb1cf8AN/XvVTHTqYPm2pTUbPCU7Hw==",
      "dependencies": [
        "@hackbg/4mat@2.4.1",
        "@hackbg/dump",
        "@hackbg/hide",
        "@hackbg/into",
        "@hackbg/logs@2.3.2",
        "@hackbg/oops"
      ]
    },
    "@fadroma/create@1.0.0-rc.6": {
      "integrity": "sha512-Kspd0aQFYpiHmalfcmhcWol4hECNnE5kQB6HfMazzRuewBJRwdUXfI2P84ADFeulyvapaJa/kS4ejThfds9oMg==",
      "dependencies": [
        "@fadroma/agent@2.0.0-rc.17",
        "@hackbg/cmds@3.2.2",
        "@hackbg/file@2.0.1",
        "@hackbg/logs@2.1.0",
        "case",
        "prompts"
      ]
    },
    "@fadroma/cw@1.0.0-rc.15": {
      "integrity": "sha512-xTt85+DQDTqGerUqxpdipE+IPw70qQhVcsHHYK/yhn5lDFXlCNYpURY4+7lorq1Ngkqm4amrB3q/q3zg/96SMw==",
      "dependencies": [
        "@fadroma/agent@2.0.0-rc.19",
        "@hackbg/cosmjs-esm",
        "@noble/curves",
        "@noble/hashes@1.6.1"
      ]
    },
    "@fadroma/scrt@11.0.0-rc.27": {
      "integrity": "sha512-EDS1/6BAffeO3JdK2dB20Fm9n/Gkz5zLpuvrEQIDzrlz05KdBcln8W6o6e1O8QRj+hFrqoyFEKch5nVtizQLHQ==",
      "dependencies": [
        "@fadroma/agent@2.0.0-rc.19",
        "@hackbg/secretjs-esm",
        "@noble/ed25519",
        "@noble/secp256k1@2.1.0"
      ]
    },
    "@folder/xdg@4.0.1": {
      "integrity": "sha512-mIBEyXvNK6sX341FOR6ZyGBmq84sSSkG2ocwTDmi4kJfAF6z8W//6aeMAi6vD/FuTcd4q0Px0HMVyP3ggOT/bg==",
      "dependencies": [
        "ini",
        "picomatch",
        "toml",
        "write",
        "yaml"
      ]
    },
    "@hackbg/4mat@2.0.4": {
      "integrity": "sha512-wlYM1LYbb40i2pA3ZsZKM6oz1oIHCYkRQVuGI6E42YwaXHrE+R2mtkm74TV+L3TG2ncGJctdoi5tfmm1E6cSLQ==",
      "dependencies": [
        "@noble/hashes@1.6.1",
        "@scure/base",
        "@scure/bip32",
        "@scure/bip39"
      ]
    },
    "@hackbg/4mat@2.4.1": {
      "integrity": "sha512-Rlgy958mj4Y6Swq0VNRqd+boIlVM8vDlko8HoBX/KIC7/0i0deTjRBMoHyjkWGGXNo4XCQmdTXLwYWJ6equz2w==",
      "dependencies": [
        "@hackbg/dump",
        "@noble/hashes@1.6.1",
        "@scure/base",
        "@scure/bip32",
        "@scure/bip39",
        "case"
      ]
    },
    "@hackbg/4mat@3.1.2": {
      "integrity": "sha512-lALDIKpqTe8YUwFVhpYQU05hgslNw7UDkcjtx2KyvOwQF4mwNNORy5bfKBNcZTemik2CgopGMEUNYD7WTGznvg==",
      "dependencies": [
        "@hackbg/dump",
        "@noble/curves",
        "@noble/hashes@1.6.1",
        "@scure/base",
        "@scure/bip32",
        "@scure/bip39",
        "case"
      ]
    },
    "@hackbg/allo@1.0.3": {
      "integrity": "sha512-+KHXWrDGuQG8X2LTNd2WazJbjdIbnZoUNE9quf3ShRBPi2VzlEo9wXzJa9WWFPOFud6g80o3WH5HiGpilynoag=="
    },
    "@hackbg/borshest@1.0.0": {
      "integrity": "sha512-BOqH5qvjyJ8O1SnJodh5a7i6xS8FA8LzFL7+A7hgoFAOdbUdVA2zmtm7BSBU+gnMq9QHX8ZsgAmKpyIBDmxO7w=="
    },
    "@hackbg/cmds@3.2.2": {
      "integrity": "sha512-FUGGe+aVR9TfgQFBDM55S5iBgsWUupbxUbKmbw0w/ZtX3KAZk0bEW1IwV7yd5dCfJbcsDKL2tDcoQK8WvsJg1w==",
      "dependencies": [
        "@hackbg/hide",
        "@hackbg/logs@2.3.2",
        "@hackbg/task",
        "@hackbg/time"
      ]
    },
    "@hackbg/cmds@4.0.0-rc.3": {
      "integrity": "sha512-9Xz+0k8uZpR6x9H5nxTusNmtFQ4nSiQZz1E7vKnqfMO+FM5gqCFdqofee1KnkttkVMlTv0098s1DJb/RRCMFqQ==",
      "dependencies": [
        "@hackbg/hide",
        "@hackbg/logs@2.3.2",
        "@hackbg/task",
        "@hackbg/time"
      ]
    },
    "@hackbg/conf@3.1.6": {
      "integrity": "sha512-nmtD+w89mxFN8YgMJTsabPZ3xAGe73NqkCq7FZF6Ez/Yab5v2tQAM/pMIqKoeiS+VyWbKgh/kLmMBc3KzrcMIQ==",
      "dependencies": [
        "@hackbg/over"
      ]
    },
    "@hackbg/cosmjs-esm@1.0.0-rc.33": {
      "integrity": "sha512-1GXa3rA4NIPCTOoqhA8YHMcMbCfK47rzn7ZPboj/x1GUYUxkqkxFuy0Y+rnsW4Rldrvi1F+D7RARYmZnhhE3nA==",
      "dependencies": [
        "@hackbg/protobufjs-esm",
        "@noble/curves",
        "@noble/hashes@1.6.1",
        "@scure/base",
        "axios",
        "bn.js",
        "isomorphic-ws",
        "libsodium-wrappers-sumo",
        "long@4.0.0",
        "pako@2.1.0",
        "readonly-date",
        "xstream"
      ]
    },
    "@hackbg/dacrypt@0.2.0": {
      "integrity": "sha512-ripWH+O6Zl0+E0XBaexF0vQgkY6wT3F6hhABVof+VsstIlNbkWfWcgAA3SLAx6aORM6NEK4YlE6BXfT7tG8FmQ=="
    },
    "@hackbg/dump@1.0.2": {
      "integrity": "sha512-QMWrHeT9E3c9k1RygLcTPRFJFVIBmjASNNwS5GvUF7jvWh0lvJDU/1LzjOiWnJLRZzfW8q6TMTM3DbnS31DlYw=="
    },
    "@hackbg/fadroma@2.0.0-rc.23": {
      "integrity": "sha512-0dWqhN940fGIxe710XHBn//AFUGBVpxz7AQFWytoGQjhBJZtxqJhO5esIA9DfcQUHKQgeqXoB/IaM+YC/kopEA==",
      "dependencies": [
        "@fadroma/agent@2.0.0-rc.19",
        "@fadroma/create",
        "@fadroma/cw",
        "@fadroma/scrt",
        "@hackbg/cmds@4.0.0-rc.3",
        "@hackbg/conf",
        "@hackbg/file@3.0.0-rc.4",
        "@hackbg/logs@2.2.0",
        "@hackbg/port",
        "@hackbg/repo",
        "case",
        "dotenv",
        "prompts"
      ]
    },
    "@hackbg/file@2.0.1": {
      "integrity": "sha512-31zud8fZc8w7Lr2sWq54udEgi+kL/ZdKsOW3yjxzeaYEmjyFCri2Xc+yGy7ddedIM5fW/eHR+eh72uUpqDxFbA==",
      "dependencies": [
        "@hackbg/4mat@2.4.1",
        "@hackbg/hide",
        "@hackbg/logs@2.3.2",
        "js-yaml",
        "mkdirp@1.0.4",
        "recursive-copy",
        "rimraf@3.0.2",
        "symlink-dir",
        "tmp",
        "toml"
      ]
    },
    "@hackbg/file@3.0.0-rc.4": {
      "integrity": "sha512-/fy8K/eIScQkZ/EM0rkluEJdVA6xiKg1a9wk0/SzQUyN1YVdGAZGyEux8rDtd+H7wLFaZp3OfetbW9GdX53UIA==",
      "dependencies": [
        "@folder/xdg",
        "@hackbg/4mat@2.4.1",
        "@hackbg/hide",
        "@hackbg/logs@2.3.2",
        "js-yaml",
        "mkdirp@1.0.4",
        "recursive-copy",
        "rimraf@3.0.2",
        "symlink-dir",
        "tmp",
        "toml"
      ]
    },
    "@hackbg/hide@1.0.4": {
      "integrity": "sha512-jBCbti4r0OHgOrc5Cq5ZA7jvITbLZn3tHM6jnYQls0LtqPMhLN7pUHIsQmRPSyWi3oYepj4TweueAPq7Hd5GrA=="
    },
    "@hackbg/into@1.0.1": {
      "integrity": "sha512-GVy+9McV7r8yDqTJDxEjQz18Hdkxtz3ZcaTMOsrjXs6gWaH1G4/xSjTmHUaQLctdm3G/941ieB6IGhcXaO22Ow=="
    },
    "@hackbg/logs@2.1.0": {
      "integrity": "sha512-+hNvLUiWKE63UGOtak1kX7OmY6uDXj/zg6vqO/9v3ShwDbB2JftEpeSdCrutQLRShNx0UtBSgoRTtHNe/uo8mg==",
      "dependencies": [
        "@hackbg/allo",
        "@hackbg/hide",
        "chalk"
      ]
    },
    "@hackbg/logs@2.2.0": {
      "integrity": "sha512-mJeGSSklmqj7sJXaL9PPf78zvBiGgvkcrS3U++WXD8yF28zYiFKa7FoCxU7EC+g/El6RQlvXAI5xYTY/NbJZDQ==",
      "dependencies": [
        "@hackbg/allo",
        "@hackbg/hide",
        "chalk"
      ]
    },
    "@hackbg/logs@2.3.2": {
      "integrity": "sha512-yAb2blXJ1Ag2UfW8fxPRj7XkVffDkw3ebzXIvg0BE/K/xwbyrkcmlBBomSzgoqfqpA3TOpBbVz5H8GH4tS5xxw==",
      "dependencies": [
        "@hackbg/allo",
        "@hackbg/hide",
        "chalk"
      ]
    },
    "@hackbg/oops@1.1.0": {
      "integrity": "sha512-/PFezBVsWEaRo6g0TSFk5CVZYi1bHjt+CSEAFeuF2rJcgv/OscAXT6d9xDTILm64RAem5LlJ8UxxLSwlfTX5/Q=="
    },
    "@hackbg/over@1.1.0": {
      "integrity": "sha512-EoMZQKrxUFF8XjKLtxoStKmFAo3t3pfjFfmVxoGa7z8Vkj5hJ3eW+8mdEGkBM30KHCJ+55U3BJvdsOREd5CtdA=="
    },
    "@hackbg/port@1.3.3": {
      "integrity": "sha512-7dCezC5QH/z+R72o9XJxEwl9BwxjP6gm841C5/KlxFp/LXSv0ASLYwEYQyOnhGxiRLZFyAbt3EYAuo8MtzEaHw==",
      "dependencies": [
        "@hackbg/logs@2.3.2",
        "exponential-backoff"
      ]
    },
    "@hackbg/protobufjs-esm@6.11.4-patch.1": {
      "integrity": "sha512-wim0TgIUd7lMkzAm+/pNejIYmQh4FXkAB+ohl1vtB+EOqEYbJWNlFNMTCxIHG8WsIcYRO7hcskmKhiv31GL+vg==",
      "dependencies": [
        "@protobufjs/aspromise",
        "@protobufjs/base64",
        "@protobufjs/codegen",
        "@protobufjs/eventemitter",
        "@protobufjs/fetch",
        "@protobufjs/float",
        "@protobufjs/inquire",
        "@protobufjs/path",
        "@protobufjs/pool",
        "@protobufjs/utf8",
        "@types/long",
        "@types/node",
        "long@4.0.0"
      ]
    },
    "@hackbg/repo@0.2.0": {
      "integrity": "sha512-T1hw8QlqQruKCE0KRr10y4I9SB3LH1yDc6eLF2Xn7tkOOl5SQ4Mk1axSiadPe3w43UFZcTpsawywQFCWO9FpOQ==",
      "dependencies": [
        "@hackbg/file@3.0.0-rc.4",
        "@hackbg/logs@2.3.2"
      ]
    },
    "@hackbg/secretjs-esm@1.9.3-patch.40": {
      "integrity": "sha512-ZoV4z5t7/wrnZEPlevCLKHjK+XFmCisXKpvQW7FJklHUbkzoelF+K6Efy+HASY0JQ3nSpxMu1+BLVRMajR+s4Q==",
      "dependencies": [
        "@hackbg/4mat@2.0.4",
        "@hackbg/dacrypt",
        "@hackbg/protobufjs-esm",
        "@noble/hashes@1.6.1",
        "@noble/secp256k1@1.7.0",
        "@osmonauts/helpers",
        "@scure/base",
        "@scure/bip32",
        "@scure/bip39",
        "big-integer",
        "bignumber.js",
        "cross-fetch",
        "google-protobuf",
        "long@5.2.3",
        "pako@2.0.4",
        "protobufjs",
        "readonly-date"
      ]
    },
    "@hackbg/task@1.0.2": {
      "integrity": "sha512-caZqiEy5gyi8+rgKQe3SwPpHO17EC4kTBYCaWTjXfNXLTBirV1i7VsrHKMh3hSlIuH4b4/6nPYSN6RS5Zr58nQ==",
      "dependencies": [
        "@hackbg/logs@2.3.2"
      ]
    },
    "@hackbg/time@1.0.0": {
      "integrity": "sha512-akaEk1AFxG/sdXM78s3go2v2+irNJ5Yeyc9HO1id8lIf0VuSEgU97QfrZYAd9KocGoSiVt07boZ0VnY6Ys8W/A=="
    },
    "@noble/curves@1.7.0": {
      "integrity": "sha512-UTMhXK9SeDhFJVrHeUJ5uZlI6ajXg10O6Ddocf9S6GjbSBVZsJo88HzKwXznNfGpMTRDyJkqMjNDPYgf0qFWnw==",
      "dependencies": [
        "@noble/hashes@1.6.0"
      ]
    },
    "@noble/ed25519@2.1.0": {
      "integrity": "sha512-KM4qTyXPinyCgMzeYJH/UudpdL+paJXtY3CHtHYZQtBkS8MZoPr4rOikZllIutJe0d06QDQKisyn02gxZ8TcQA=="
    },
    "@noble/hashes@1.6.0": {
      "integrity": "sha512-YUULf0Uk4/mAA89w+k3+yUYh6NrEvxZa5T6SY3wlMvE2chHkxFUUIDI8/XW1QSC357iA5pSnqt7XEhvFOqmDyQ=="
    },
    "@noble/hashes@1.6.1": {
      "integrity": "sha512-pq5D8h10hHBjyqX+cfBm0i8JUXJ0UhczFc4r74zbuT9XgewFo2E3J1cOaGtdZynILNmQ685YWGzGE1Zv6io50w=="
    },
    "@noble/secp256k1@1.7.0": {
      "integrity": "sha512-kbacwGSsH/CTout0ZnZWxnW1B+jH/7r/WAAKLBtrRJ/+CUH7lgmQzl3GTrQua3SGKWNSDsS6lmjnDpIJ5Dxyaw=="
    },
    "@noble/secp256k1@2.1.0": {
      "integrity": "sha512-XLEQQNdablO0XZOIniFQimiXsZDNwaYgL96dZwC54Q30imSbAOFf3NKtepc+cXyuZf5Q1HCgbqgZ2UFFuHVcEw=="
    },
    "@osmonauts/helpers@0.3.8": {
      "integrity": "sha512-6xM/DGjLctziRVT2DuR7/MQ/HqfHAcqOaGF4z77Jeh3RWQ78zWiaRVxBefRQdKaqrh5LhXL6VebUdiy9IGwTTA==",
      "dependencies": [
        "@babel/runtime",
        "long@5.2.3",
        "protobufjs"
      ]
    },
    "@protobufjs/aspromise@1.1.2": {
      "integrity": "sha512-j+gKExEuLmKwvz3OgROXtrJ2UG2x8Ch2YZUxahh+s1F2HZ+wAceUNLkvy6zKCPVRkU++ZWQrdxsUeQXmcg4uoQ=="
    },
    "@protobufjs/base64@1.1.2": {
      "integrity": "sha512-AZkcAA5vnN/v4PDqKyMR5lx7hZttPDgClv83E//FMNhR2TMcLUhfRUBHCmSl0oi9zMgDDqRUJkSxO3wm85+XLg=="
    },
    "@protobufjs/codegen@2.0.4": {
      "integrity": "sha512-YyFaikqM5sH0ziFZCN3xDC7zeGaB/d0IUb9CATugHWbd1FRFwWwt4ld4OYMPWu5a3Xe01mGAULCdqhMlPl29Jg=="
    },
    "@protobufjs/eventemitter@1.1.0": {
      "integrity": "sha512-j9ednRT81vYJ9OfVuXG6ERSTdEL1xVsNgqpkxMsbIabzSo3goCjDIveeGv5d03om39ML71RdmrGNjG5SReBP/Q=="
    },
    "@protobufjs/fetch@1.1.0": {
      "integrity": "sha512-lljVXpqXebpsijW71PZaCYeIcE5on1w5DlQy5WH6GLbFryLUrBD4932W/E2BSpfRJWseIL4v/KPgBFxDOIdKpQ==",
      "dependencies": [
        "@protobufjs/aspromise",
        "@protobufjs/inquire"
      ]
    },
    "@protobufjs/float@1.0.2": {
      "integrity": "sha512-Ddb+kVXlXst9d+R9PfTIxh1EdNkgoRe5tOX6t01f1lYWOvJnSPDBlG241QLzcyPdoNTsblLUdujGSE4RzrTZGQ=="
    },
    "@protobufjs/inquire@1.1.0": {
      "integrity": "sha512-kdSefcPdruJiFMVSbn801t4vFK7KB/5gd2fYvrxhuJYg8ILrmn9SKSX2tZdV6V+ksulWqS7aXjBcRXl3wHoD9Q=="
    },
    "@protobufjs/path@1.1.2": {
      "integrity": "sha512-6JOcJ5Tm08dOHAbdR3GrvP+yUUfkjG5ePsHYczMFLq3ZmMkAD98cDgcT2iA1lJ9NVwFd4tH/iSSoe44YWkltEA=="
    },
    "@protobufjs/pool@1.1.0": {
      "integrity": "sha512-0kELaGSIDBKvcgS4zkjz1PeddatrjYcmMWOlAuAPwAeccUrPHdUqo/J6LiymHHEiJT5NrF1UVwxY14f+fy4WQw=="
    },
    "@protobufjs/utf8@1.1.0": {
      "integrity": "sha512-Vvn3zZrhQZkkBE8LSuW3em98c0FwgO4nxzv6OdSxPKJIEKY2bGbHn+mhGIPerzI4twdxaP8/0+06HBpwf345Lw=="
    },
    "@scure/base@1.2.1": {
      "integrity": "sha512-DGmGtC8Tt63J5GfHgfl5CuAXh96VF/LD8K9Hr/Gv0J2lAoRGlPOMpqMpMbCTOoOJMZCk2Xt+DskdDyn6dEFdzQ=="
    },
    "@scure/bip32@1.6.0": {
      "integrity": "sha512-82q1QfklrUUdXJzjuRU7iG7D7XiFx5PHYVS0+oeNKhyDLT7WPqs6pBcM2W5ZdwOwKCwoE1Vy1se+DHjcXwCYnA==",
      "dependencies": [
        "@noble/curves",
        "@noble/hashes@1.6.1",
        "@scure/base"
      ]
    },
    "@scure/bip39@1.5.0": {
      "integrity": "sha512-Dop+ASYhnrwm9+HA/HwXg7j2ZqM6yk2fyLWb5znexjctFY3+E+eU8cIWI0Pql0Qx4hPZCijlGq4OL71g+Uz30A==",
      "dependencies": [
        "@noble/hashes@1.6.1",
        "@scure/base"
      ]
    },
    "@types/long@4.0.2": {
      "integrity": "sha512-MqTGEo5bj5t157U6fA/BiDynNkn0YknVdh48CMPkTSpFTVmvao5UQmm7uEF6xBEo7qIMAlY/JSleYaE6VOdpaA=="
    },
    "@types/node@22.5.4": {
      "integrity": "sha512-FDuKUJQm/ju9fT/SeX/6+gBzoPzlVCzfzmGkwKvRHQVxi4BntVbyIwf6a4Xn62mrvndLiml6z/UBXIdEVjQLXg==",
      "dependencies": [
        "undici-types"
      ]
    },
    "@zkochan/rimraf@2.1.3": {
      "integrity": "sha512-mCfR3gylCzPC+iqdxEA6z5SxJeOgzgbwmyxanKriIne5qZLswDe/M43aD3p5MNzwzXRhbZg/OX+MpES6Zk1a6A==",
      "dependencies": [
        "rimraf@3.0.2"
      ]
    },
    "add-filename-increment@1.0.0": {
      "integrity": "sha512-pFV8VZX8jxuVMIycKvGZkWF/ihnUubu9lbQVnOnZWp7noVxbKQTNj7zG2y9fXdPcuZ6lAN3Drr517HaivGCjdQ==",
      "dependencies": [
        "strip-filename-increment"
      ]
    },
    "ansi-styles@4.3.0": {
      "integrity": "sha512-zbB9rCJAT1rbjiVDb2hqKFHNYLxgtk8NURxZ3IZwD3F6NtxbXZQCnnSi1Lkx+IDohdPlFp222wVALIheZJQSEg==",
      "dependencies": [
        "color-convert"
      ]
    },
    "argparse@2.0.1": {
      "integrity": "sha512-8+9WqebbFzpX9OR+Wa6O29asIogeRMzcGtAINdpMHHyAg10f05aSFVBbcEqGf/PXw1EjAZ+q2/bEBg3DvurK3Q=="
    },
    "array-differ@1.0.0": {
      "integrity": "sha512-LeZY+DZDRnvP7eMuQ6LHfCzUGxAAIViUBliK24P3hWXL6y4SortgR6Nim6xrkfSLlmH0+k+9NYNwVC2s53ZrYQ=="
    },
    "array-union@1.0.2": {
      "integrity": "sha512-Dxr6QJj/RdU/hCaBjOfxW+q6lyuVE6JFWIrAUpuOOhoJJoQ99cUn3igRaHVB5P9WrgFVN0FfArM3x0cueOU8ng==",
      "dependencies": [
        "array-uniq"
      ]
    },
    "array-uniq@1.0.3": {
      "integrity": "sha512-MNha4BWQ6JbwhFhj03YK552f7cb3AzoE8SzeljgChvL1dl3IcvggXVz1DilzySZkCja+CXuZbdW7yATchWn8/Q=="
    },
    "arrify@1.0.1": {
      "integrity": "sha512-3CYzex9M9FGQjCGMGyi6/31c8GJbgb0qGyrx5HWxPd0aCwh4cB2YjMb2Xf9UuoogrMrlO9cTqnB5rI5GHZTcUA=="
    },
    "asap@2.0.6": {
      "integrity": "sha512-BSHWgDSAiKs50o2Re8ppvp3seVHXSRM44cdSsT9FfNEUUZLOGWVCsiWaRPWM1Znn+mqZ1OfVZ3z3DWEzSp7hRA=="
    },
    "axios@0.21.4": {
      "integrity": "sha512-ut5vewkiu8jjGBdqpM44XxjuCjq9LAKeHVmoVfHVzy8eHgxxq8SbAVQNovDA8mVi05kP0Ea/n/UzcSHcTJQfNg==",
      "dependencies": [
        "follow-redirects"
      ]
    },
    "balanced-match@1.0.2": {
      "integrity": "sha512-3oSeUO0TMV67hN1AmbXsK4yaqU7tjiHlbxRDZOpH0KW9+CeX4bRAaX0Anxt0tx2MrpRpWwQaPwIlISEJhYU5Pw=="
    },
    "better-path-resolve@1.0.0": {
      "integrity": "sha512-pbnl5XzGBdrFU/wT4jqmJVPn2B6UHPBOhzMQkY/SPUPB6QtUXtmBHBIwCbXJol93mOpGMnQyP/+BB19q04xj7g==",
      "dependencies": [
        "is-windows"
      ]
    },
    "big-integer@1.6.51": {
      "integrity": "sha512-GPEid2Y9QU1Exl1rpO9B2IPJGHPSupF5GnVIP0blYvNOMer2bTvSWs1jGOUg04hTmu67nmLsQ9TBo1puaotBHg=="
    },
    "bignumber.js@9.0.2": {
      "integrity": "sha512-GAcQvbpsM0pUb0zw1EI0KhQEZ+lRwR5fYaAp3vPOYuP7aDvGy6cVN6XHLauvF8SOga2y0dcLcjt3iQDTSEliyw=="
    },
    "bn.js@5.2.1": {
      "integrity": "sha512-eXRvHzWyYPBuB4NBy0cmYQjGitUrtqwbvlzP3G6VFnNRbsZQIxQ10PbKKHt8gZ/HW/D/747aDl+QkDqg3KQLMQ=="
    },
    "brace-expansion@1.1.11": {
      "integrity": "sha512-iCuPHDFgrHX7H2vEI/5xpz07zSHB00TpugqhmYtVmMO6518mCuRMoOYFldEBl0g187ufozdaHgWKcYFb61qGiA==",
      "dependencies": [
        "balanced-match",
        "concat-map"
      ]
    },
    "case@1.6.3": {
      "integrity": "sha512-mzDSXIPaFwVDvZAHqZ9VlbyF4yyXRuX6IvB06WvPYkqJVO24kX1PPhv9bfpKNFZyxYFmmgo03HUiD8iklmJYRQ=="
    },
    "chalk@4.1.2": {
      "integrity": "sha512-oKnbhFyRIXpUuez8iBMmyEa4nbj4IOQyuhc/wy9kY7/WVPcwIO9VA668Pu8RkO7+0G76SLROeyw9CpQ061i4mA==",
      "dependencies": [
        "ansi-styles",
        "supports-color"
      ]
    },
    "color-convert@2.0.1": {
      "integrity": "sha512-RRECPsj7iu/xb5oKYcsFHSppFNnsj/52OVTRKb4zP5onXwVF3zVmmToNcOfGC+CRDpfK/U584fMg38ZHCaElKQ==",
      "dependencies": [
        "color-name"
      ]
    },
    "color-name@1.1.4": {
      "integrity": "sha512-dOy+3AuW3a2wNbZHIuMZpTcgjGuLU/uBL/ubcZF9OXbDo8ff4O8yVp5Bf0efS8uEoYo5q4Fx7dY9OgQGXgAsQA=="
    },
    "concat-map@0.0.1": {
      "integrity": "sha512-/Srv4dswyQNBfohGpz9o6Yb3Gz3SrUDqBH5rTuhGR7ahtlbYKnVxw2bCFMRljaA7EXHaXZ8wsHdodFvbkhKmqg=="
    },
    "cross-fetch@4.0.0": {
      "integrity": "sha512-e4a5N8lVvuLgAWgnCrLr2PP0YyDOTHa9H/Rj54dirp61qXnNq46m82bRhNqIA5VccJtWBvPTFRV3TtvHUKPB1g==",
      "dependencies": [
        "node-fetch"
      ]
    },
    "define-data-property@1.1.4": {
      "integrity": "sha512-rBMvIzlpA8v6E+SJZoo++HAYqsLrkg7MSfIinMPFhmkorw7X+dOXVJQs+QT69zGkzMyfDnIMN2Wid1+NbL3T+A==",
      "dependencies": [
        "es-define-property",
        "es-errors",
        "gopd"
      ]
    },
    "define-properties@1.2.1": {
      "integrity": "sha512-8QmQKqEASLd5nx0U1B1okLElbUuuttJ/AnYmRXbbbGDWh6uS208EjD4Xqq/I9wK7u0v6O08XhTWnt5XtEbR6Dg==",
      "dependencies": [
        "define-data-property",
        "has-property-descriptors",
        "object-keys"
      ]
    },
    "dotenv@16.4.7": {
      "integrity": "sha512-47qPchRCykZC03FhkYAhrvwU4xDBFIj1QPqaarj6mdM/hgUzfPHcpkHJOn3mJAufFeeAxAzeGsr5X0M4k6fLZQ=="
    },
    "errno@0.1.8": {
      "integrity": "sha512-dJ6oBr5SQ1VSd9qkk7ByRgb/1SH4JZjCHSW/mr63/QcXO9zLVxvJ6Oy13nio03rxpSnVDDjFor75SjVeZWPW/A==",
      "dependencies": [
        "prr"
      ]
    },
    "es-define-property@1.0.1": {
      "integrity": "sha512-e3nRfgfUZ4rNGL232gUgX06QNyyez04KdjFrF+LTRoOXmrOgFKDg4BCdsjW8EnT69eqdYGmRpJwiPVYNrCaW3g=="
    },
    "es-errors@1.3.0": {
      "integrity": "sha512-Zf5H2Kxt2xjTvbJvP2ZWLEICxA6j+hAmMzIlypy4xcBg1vKVnx89Wy0GbS+kf5cwCVFFzdCFh2XSCFNULS6csw=="
    },
    "exponential-backoff@3.1.1": {
      "integrity": "sha512-dX7e/LHVJ6W3DE1MHWi9S1EYzDESENfLrYohG2G++ovZrYOkm4Knwa0mc1cn84xJOR4KEU0WSchhLbd0UklbHw=="
    },
    "follow-redirects@1.15.9": {
      "integrity": "sha512-gew4GsXizNgdoRyqmyfMHyAmXsZDk6mHkSxZFCzW9gwlbtOW44CDtYavM+y+72qD/Vq2l550kMF52DT8fOLJqQ=="
    },
    "fs-extra@10.1.0": {
      "integrity": "sha512-oRXApq54ETRj4eMiFzGnHWGy+zo5raudjuxN0b8H7s/RU2oW0Wvsx9O0ACRN/kRq9E8Vu/ReskGB5o3ji+FzHQ==",
      "dependencies": [
        "graceful-fs",
        "jsonfile",
        "universalify"
      ]
    },
    "fs.realpath@1.0.0": {
      "integrity": "sha512-OO0pH2lK6a0hZnAdau5ItzHPI6pUlvI7jMVnxUQRtw4owF2wk8lOSabtGDCTP4Ggrg2MbGnWO9X8K1t4+fGMDw=="
    },
    "glob@7.2.3": {
      "integrity": "sha512-nFR0zLpU2YCaRxwoCJvL6UvCH2JFyFVIvwTLsIf21AuHlMskA1hhTdk+LlYJtOlYt9v6dvszD2BGRqBL+iQK9Q==",
      "dependencies": [
        "fs.realpath",
        "inflight",
        "inherits",
        "minimatch",
        "once",
        "path-is-absolute"
      ]
    },
    "globalthis@1.0.4": {
      "integrity": "sha512-DpLKbNU4WylpxJykQujfCcwYWiV/Jhm50Goo0wrVILAv5jOr9d+H+UR3PhSCD2rCCEIg0uc+G+muBTwD54JhDQ==",
      "dependencies": [
        "define-properties",
        "gopd"
      ]
    },
    "google-protobuf@3.21.4": {
      "integrity": "sha512-MnG7N936zcKTco4Jd2PX2U96Kf9PxygAPKBug+74LHzmHXmceN16MmRcdgZv+DGef/S9YvQAfRsNCn4cjf9yyQ=="
    },
    "gopd@1.2.0": {
      "integrity": "sha512-ZUKRh6/kUFoAiTAtTYPZJ3hw9wNxx+BIBOijnlG9PnrJsCcSjs1wyyD6vJpaYtgnzDrKYRSqf3OO6Rfa93xsRg=="
    },
    "graceful-fs@4.2.11": {
      "integrity": "sha512-RbJ5/jmFcNNCcDV5o9eTnBLJ/HszWV0P73bc+Ff4nS/rJj+YaS6IGyiOL0VoBYX+l1Wrl3k63h/KrH+nhJ0XvQ=="
    },
    "has-flag@4.0.0": {
      "integrity": "sha512-EykJT/Q1KjTWctppgIAgfSO0tKVuZUjhgMr17kqTumMl6Afv3EISleU7qZUzoXDFTAHTDC4NOoG/ZxU3EvlMPQ=="
    },
    "has-property-descriptors@1.0.2": {
      "integrity": "sha512-55JNKuIW+vq4Ke1BjOTjM2YctQIvCT7GFzHwmfZPGo5wnrgkid0YQtnAleFSqumZm4az3n2BS+erby5ipJdgrg==",
      "dependencies": [
        "es-define-property"
      ]
    },
    "inflight@1.0.6": {
      "integrity": "sha512-k92I/b08q4wvFscXCLvqfsHCrjrF7yiXsQuIVvVE7N82W3+aqpzuUdBbfhWcy/FZR3/4IgflMgKLOsvPDrGCJA==",
      "dependencies": [
        "once",
        "wrappy"
      ]
    },
    "inherits@2.0.4": {
      "integrity": "sha512-k/vGaX4/Yla3WzyMCvTQOXYeIHvqOKtnqBduzTHpzpQZzAskKMhZ2K+EnBiSM9zGSoIFeMpXKxa4dYeZIQqewQ=="
    },
    "ini@4.1.3": {
      "integrity": "sha512-X7rqawQBvfdjS10YU1y1YVreA3SsLrW9dX2CewP2EbBJM4ypVNLDkO5y04gejPwKIY9lR+7r9gn3rFPt/kmWFg=="
    },
    "is-windows@1.0.2": {
      "integrity": "sha512-eXK1UInq2bPmjyX6e3VHIzMLobc4J94i4AWn+Hpq3OU5KkrRC96OAcR3PRJ/pGu6m8TRnBHP9dkXQVsT/COVIA=="
    },
    "isomorphic-ws@4.0.1_ws@8.18.0": {
      "integrity": "sha512-BhBvN2MBpWTaSHdWRb/bwdZJ1WaehQ2L1KngkCkfLUGF0mAWAT1sQUQacEmQ0jXkFw/czDXPNQSL5u2/Krsz1w==",
      "dependencies": [
        "ws"
      ]
    },
    "js-yaml@4.1.0": {
      "integrity": "sha512-wpxZs9NoxZaJESJGIZTyDEaYpl0FKSA+FB9aJiyemKhMwkxQg63h4T1KJgUGHpTqPDNRcmmYLugrRjJlBtWvRA==",
      "dependencies": [
        "argparse"
      ]
    },
    "jsonfile@6.1.0": {
      "integrity": "sha512-5dgndWOriYSm5cnYaJNhalLNDKOqFwyDB/rr1E9ZsGciGvKPs8R2xYGCacuf3z6K1YKDz182fd+fY3cn3pMqXQ==",
      "dependencies": [
        "graceful-fs",
        "universalify"
      ]
    },
    "junk@1.0.3": {
      "integrity": "sha512-3KF80UaaSSxo8jVnRYtMKNGFOoVPBdkkVPsw+Ad0y4oxKXPduS6G6iHkrf69yJVff/VAaYXkV42rtZ7daJxU3w=="
    },
    "kleur@3.0.3": {
      "integrity": "sha512-eTIzlVOSUR+JxdDFepEYcBMtZ9Qqdef+rnzWdRZuMbOywu5tO2w2N7rqjoANZ5k9vywhL6Br1VRjUIgTQx4E8w=="
    },
    "libsodium-sumo@0.7.15": {
      "integrity": "sha512-5tPmqPmq8T8Nikpm1Nqj0hBHvsLFCXvdhBFV7SGOitQPZAA6jso8XoL0r4L7vmfKXr486fiQInvErHtEvizFMw=="
    },
    "libsodium-wrappers-sumo@0.7.15": {
      "integrity": "sha512-aSWY8wKDZh5TC7rMvEdTHoyppVq/1dTSAeAR7H6pzd6QRT3vQWcT5pGwCotLcpPEOLXX6VvqihSPkpEhYAjANA==",
      "dependencies": [
        "libsodium-sumo"
      ]
    },
    "long@4.0.0": {
      "integrity": "sha512-XsP+KhQif4bjX1kbuSiySJFNAehNxgLb6hPRGJ9QsUr8ajHkuXGdrHmFUTUUXhDwVX2R5bY4JNZEwbUiMhV+MA=="
    },
    "long@5.2.3": {
      "integrity": "sha512-lcHwpNoggQTObv5apGNCTdJrO69eHOZMi4BNC+rTLER8iHAqGrUVeLh/irVIM7zTw2bOXA8T6uNPeujwOLg/2Q=="
    },
    "maximatch@0.1.0": {
      "integrity": "sha512-9ORVtDUFk4u/NFfo0vG/ND/z7UQCVZBL539YW0+U1I7H1BkZwizcPx5foFv7LCPcBnm2U6RjFnQOsIvN4/Vm2A==",
      "dependencies": [
        "array-differ",
        "array-union",
        "arrify",
        "minimatch"
      ]
    },
    "minimatch@3.1.2": {
      "integrity": "sha512-J7p63hRiAjw1NDEww1W7i37+ByIrOWO5XQQAzZ3VOcL0PNybwpfmV/N05zFAzwQ9USyEcX6t3UO+K5aqBQOIHw==",
      "dependencies": [
        "brace-expansion"
      ]
    },
    "minimist@1.2.8": {
      "integrity": "sha512-2yyAR8qBkN3YuheJanUpWC5U3bb5osDywNB8RzDVlDwDHbocAJveqqj1u8+SVD7jkWT4yvsHCpWqqWqAxb0zCA=="
    },
    "mkdirp@0.5.6": {
      "integrity": "sha512-FP+p8RB8OWpF3YZBCrP5gtADmtXApB5AMLn+vdyA+PyxCjrCs00mjyUozssO33cwDeT3wNGdLxJ5M//YqtHAJw==",
      "dependencies": [
        "minimist"
      ]
    },
    "mkdirp@1.0.4": {
      "integrity": "sha512-vVqVZQyf3WLx2Shd0qJ9xuvqgAyKPLAiqITEtqW0oIUjzo3PePDd6fW9iFz30ef7Ysp/oiWqbhszeGWW2T6Gzw=="
    },
    "node-fetch@2.7.0": {
      "integrity": "sha512-c4FRfUm/dbcWZ7U+1Wq0AwCyFL+3nt2bEw05wfxSz+DWpWsitgmSgYmy2dQdWyKC1694ELPqMs/YzUSNozLt8A==",
      "dependencies": [
        "whatwg-url"
      ]
    },
    "object-keys@1.1.1": {
      "integrity": "sha512-NuAESUOUMrlIXOfHKzD6bpPu3tYt3xvjNdRIQ+FeT0lNb4K8WR70CaDxhuNguS2XG+GjkyMwOzsN5ZktImfhLA=="
    },
    "once@1.4.0": {
      "integrity": "sha512-lNaJgI+2Q5URQBkccEKHTQOPaXdUxnZZElQTZY0MFUAuaEqe1E+Nyvgdz/aIyNi6Z9MzO5dv1H8n58/GELp3+w==",
      "dependencies": [
        "wrappy"
      ]
    },
    "pako@2.0.4": {
      "integrity": "sha512-v8tweI900AUkZN6heMU/4Uy4cXRc2AYNRggVmTR+dEncawDJgCdLMximOVA2p4qO57WMynangsfGRb5WD6L1Bg=="
    },
    "pako@2.1.0": {
      "integrity": "sha512-w+eufiZ1WuJYgPXbV/PO3NCMEc3xqylkKHzp8bxp1uW4qaSNQUkwmLLEc3kKsfz8lpV1F8Ht3U1Cm+9Srog2ug=="
    },
    "path-is-absolute@1.0.1": {
      "integrity": "sha512-AVbw3UJ2e9bq64vSaS9Am0fje1Pa8pbGqTTsmXfaIiMpnr5DlDhfJOuLj9Sf95ZPVDAUerDfEk88MPmPe7UCQg=="
    },
    "picomatch@2.3.1": {
      "integrity": "sha512-JU3teHTNjmE2VCGFzuY8EXzCDVwEqB2a8fsIvwaStHhAWJEeVd1o1QD80CU6+ZdEXXSLbSsuLwJjkCBWqRQUVA=="
    },
    "pify@2.3.0": {
      "integrity": "sha512-udgsAY+fTnvv7kI7aaxbqwWNb0AHiB0qBO89PZKPkoTmGOgdbrHDKD+0B2X4uTfJ/FT1R09r9gTsjUjNJotuog=="
    },
    "promise@7.3.1": {
      "integrity": "sha512-nolQXZ/4L+bP/UGlkfaIujX9BKxGwmQ9OT4mOt5yvy8iK1h3wqTEJCijzGANTCCl9nWjY41juyAn2K3Q1hLLTg==",
      "dependencies": [
        "asap"
      ]
    },
    "prompts@2.4.2": {
      "integrity": "sha512-NxNv/kLguCA7p3jE8oL2aEBsrJWgAakBpgmgK6lpPWV+WuOmY6r2/zbAVnP+T8bQlA0nzHXSJSJW0Hq7ylaD2Q==",
      "dependencies": [
        "kleur",
        "sisteransi"
      ]
    },
    "protobufjs@6.11.4": {
      "integrity": "sha512-5kQWPaJHi1WoCpjTGszzQ32PG2F4+wRY6BmAT4Vfw56Q2FZ4YZzK20xUYQH4YkfehY1e6QSICrJquM6xXZNcrw==",
      "dependencies": [
        "@protobufjs/aspromise",
        "@protobufjs/base64",
        "@protobufjs/codegen",
        "@protobufjs/eventemitter",
        "@protobufjs/fetch",
        "@protobufjs/float",
        "@protobufjs/inquire",
        "@protobufjs/path",
        "@protobufjs/pool",
        "@protobufjs/utf8",
        "@types/long",
        "@types/node",
        "long@4.0.0"
      ]
    },
    "prr@1.0.1": {
      "integrity": "sha512-yPw4Sng1gWghHQWj0B3ZggWUm4qVbPwPFcRG8KyxiU7J2OHFSoEHKS+EZ3fv5l1t9CyCiop6l/ZYeWbrgoQejw=="
    },
    "readonly-date@1.0.0": {
      "integrity": "sha512-tMKIV7hlk0h4mO3JTmmVuIlJVXjKk3Sep9Bf5OH0O+758ruuVkUy2J9SttDLm91IEX/WHlXPSpxMGjPj4beMIQ=="
    },
    "recursive-copy@2.0.14": {
      "integrity": "sha512-K8WNY8f8naTpfbA+RaXmkaQuD1IeW9EgNEfyGxSqqTQukpVtoOKros9jUqbpEsSw59YOmpd8nCBgtqJZy5nvog==",
      "dependencies": [
        "errno",
        "graceful-fs",
        "junk",
        "maximatch",
        "mkdirp@0.5.6",
        "pify",
        "promise",
        "rimraf@2.7.1",
        "slash"
      ]
    },
    "regenerator-runtime@0.14.1": {
      "integrity": "sha512-dYnhHh0nJoMfnkZs6GmmhFknAGRrLznOu5nc9ML+EJxGvrx6H7teuevqVqCuPcPK//3eDrrjQhehXVx9cnkGdw=="
    },
    "rename-overwrite@5.0.4": {
      "integrity": "sha512-BOR/6Zr3F0vmTzwvkiCZaPrzv1NJZQVRhrWA4w2IQtj33owmh5Y4LRajsR4QrqdIgLlAqOLEEc1PiUf15ku9hQ==",
      "dependencies": [
        "@zkochan/rimraf",
        "fs-extra"
      ]
    },
    "rimraf@2.7.1": {
      "integrity": "sha512-uWjbaKIK3T1OSVptzX7Nl6PvQ3qAGtKEtVRjRuazjfL3Bx5eI409VZSqgND+4UNnmzLVdPj9FqFJNPqBZFve4w==",
      "dependencies": [
        "glob"
      ]
    },
    "rimraf@3.0.2": {
      "integrity": "sha512-JZkJMZkAGFFPP2YqXZXPbMlMBgsxzE8ILs4lMIX/2o0L9UBw9O/Y3o6wFw/i9YLapcUJWwqbi3kdxIPdC62TIA==",
      "dependencies": [
        "glob"
      ]
    },
    "sisteransi@1.0.5": {
      "integrity": "sha512-bLGGlR1QxBcynn2d5YmDX4MGjlZvy2MRBDRNHLJ8VI6l6+9FUiyTFNJ0IveOSP0bcXgVDPRcfGqA0pjaqUpfVg=="
    },
    "slash@1.0.0": {
      "integrity": "sha512-3TYDR7xWt4dIqV2JauJr+EJeW356RXijHeUlO+8djJ+uBXPn8/2dpzBc8yQhh583sVvc9CvFAeQVgijsH+PNNg=="
    },
    "strip-filename-increment@2.0.1": {
      "integrity": "sha512-+v5xsiTTsdYqkPj7qz1zlngIsjZedhHDi3xp/9bMurV8kXe9DAr732gNVqtt4X8sI3hOqS3nlFfps5gyVcux6w=="
    },
    "supports-color@7.2.0": {
      "integrity": "sha512-qpCAvRl9stuOHveKsn7HncJRvv501qIacKzQlO/+Lwxc9+0q2wLyv4Dfvt80/DPn2pqOBsJdDiogXGR9+OvwRw==",
      "dependencies": [
        "has-flag"
      ]
    },
    "symbol-observable@2.0.3": {
      "integrity": "sha512-sQV7phh2WCYAn81oAkakC5qjq2Ml0g8ozqz03wOGnx9dDlG1de6yrF+0RAzSJD8fPUow3PTSMf2SAbOGxb93BA=="
    },
    "symlink-dir@5.2.1": {
      "integrity": "sha512-HfqqI7BoCx3+482BUfoR1sXAFx5G90KrWImT5/J/a+HZWvzMTTA/hYKh2030WFYn7OwRRUAoMCQvqlwBMnhBUw==",
      "dependencies": [
        "better-path-resolve",
        "rename-overwrite"
      ]
    },
    "tmp@0.2.3": {
      "integrity": "sha512-nZD7m9iCPC5g0pYmcaxogYKggSfLsdxl8of3Q/oIbqCqLLIO9IAF0GWjX1z9NZRHPiXv8Wex4yDCaZsgEw0Y8w=="
    },
    "toml@3.0.0": {
      "integrity": "sha512-y/mWCZinnvxjTKYhJ+pYxwD0mRLVvOtdS2Awbgxln6iEnt4rk0yBxeSBHkGJcPucRiG0e55mwWp+g/05rsrd6w=="
    },
    "tr46@0.0.3": {
      "integrity": "sha512-N3WMsuqV66lT30CrXNbEjx4GEwlow3v6rr4mCcv6prnfwhS01rkgyFdjPNBYd9br7LpXV1+Emh01fHnq2Gdgrw=="
    },
    "undici-types@6.19.8": {
      "integrity": "sha512-ve2KP6f/JnbPBFyobGHuerC9g1FYGn/F8n1LWTwNxCEzd6IfqTwUQcNXgEtmmQ6DlRrC1hrSrBnCZPokRrDHjw=="
    },
    "universalify@2.0.1": {
      "integrity": "sha512-gptHNQghINnc/vTGIk0SOFGFNXw7JVrlRUtConJRlvaw6DuX0wO5Jeko9sWrMBhh+PsYAZ7oXAiOnf/UKogyiw=="
    },
    "webidl-conversions@3.0.1": {
      "integrity": "sha512-2JAn3z8AR6rjK8Sm8orRC0h/bcl/DqL7tRPdGZ4I1CjdF+EaMLmYxBHyXuKL849eucPFhvBoxMsflfOb8kxaeQ=="
    },
    "whatwg-url@5.0.0": {
      "integrity": "sha512-saE57nupxk6v3HY35+jzBwYa0rKSy0XR8JSxZPwgLr7ys0IBzhGviA1/TUGJLmSVqs8pb9AnvICXEuOHLprYTw==",
      "dependencies": [
        "tr46",
        "webidl-conversions"
      ]
    },
    "wrappy@1.0.2": {
      "integrity": "sha512-l4Sp/DRseor9wL6EvV2+TuQn63dMkPjZ/sp9XkghTEbV9KlPS1xUsZ3u7/IQO4wxtcFB4bgpQPRcR3QCvezPcQ=="
    },
    "write@2.0.0": {
      "integrity": "sha512-yam9TAqN8sAZokECAejo9HpT2j2s39OgK8i8yxadrFBVo+iSWLfnipRVFulfAw1d2dz5vSuGmlMHYRKG4fysOA==",
      "dependencies": [
        "add-filename-increment"
      ]
    },
    "ws@8.18.0": {
      "integrity": "sha512-8VbfWfHLbbwu3+N6OKsOMpBdT4kXPDDB9cJk2bJ6mh9ucxdlnNvH1e+roYkKmN9Nxw2yjz7VzeO9oOz2zJ04Pw=="
    },
    "xstream@11.14.0": {
      "integrity": "sha512-1bLb+kKKtKPbgTK6i/BaoAn03g47PpFstlbe1BA+y3pNS/LfvcaghS5BFf9+EE1J+KwSQsEpfJvFN5GqFtiNmw==",
      "dependencies": [
        "globalthis",
        "symbol-observable"
      ]
    },
    "yaml@2.6.1": {
      "integrity": "sha512-7r0XPzioN/Q9kXBro/XPnA6kznR73DHq+GXh5ON7ZozRO6aMjbmiBuKste2wslTFkC5d1dw0GooOCepZXJ2SAg=="
    }
  },
  "workspace": {
    "dependencies": [
      "npm:@hackbg/4mat@*",
      "npm:@hackbg/borshest@*",
      "npm:@hackbg/dump@*",
      "npm:@hackbg/hide@*",
      "npm:@hackbg/into@*",
      "npm:@hackbg/logs@*",
      "npm:@hackbg/oops@*"
    ]
  }
}
