{
  "version": "5",
  "specifiers": {
    "npm:@hackbg/4mat@*": "3.1.2",
    "npm:@hackbg/dump@*": "1.0.2",
    "npm:@hackbg/hide@*": "1.0.4",
    "npm:@hackbg/into@*": "1.0.1",
    "npm:@hackbg/logs@*": "3.1.1",
    "npm:@hackbg/oops@*": "1.1.0"
  },
  "npm": {
    "@hackbg/4mat@3.1.2": {
      "integrity": "sha512-lALDIKpqTe8YUwFVhpYQU05hgslNw7UDkcjtx2KyvOwQF4mwNNORy5bfKBNcZTemik2CgopGMEUNYD7WTGznvg==",
      "dependencies": [
        "@hackbg/dump",
        "@noble/curves",
        "@noble/hashes",
        "@scure/base",
        "@scure/bip32",
        "@scure/bip39",
        "case"
      ]
    },
    "@hackbg/allo@1.0.3": {
      "integrity": "sha512-+KHXWrDGuQG8X2LTNd2WazJbjdIbnZoUNE9quf3ShRBPi2VzlEo9wXzJa9WWFPOFud6g80o3WH5HiGpilynoag=="
    },
    "@hackbg/dump@1.0.2": {
      "integrity": "sha512-QMWrHeT9E3c9k1RygLcTPRFJFVIBmjASNNwS5GvUF7jvWh0lvJDU/1LzjOiWnJLRZzfW8q6TMTM3DbnS31DlYw=="
    },
    "@hackbg/hide@1.0.4": {
      "integrity": "sha512-jBCbti4r0OHgOrc5Cq5ZA7jvITbLZn3tHM6jnYQls0LtqPMhLN7pUHIsQmRPSyWi3oYepj4TweueAPq7Hd5GrA=="
    },
    "@hackbg/into@1.0.1": {
      "integrity": "sha512-GVy+9McV7r8yDqTJDxEjQz18Hdkxtz3ZcaTMOsrjXs6gWaH1G4/xSjTmHUaQLctdm3G/941ieB6IGhcXaO22Ow=="
    },
    "@hackbg/logs@3.1.1": {
      "integrity": "sha512-nBvBu3LqzfQRbmP28UIqFVjHxGexjpi1Q675Z2XufF0pHBERdMeZ56J6UTVp7yZmhJMaFJ5szF2YazzjEAWlGg==",
      "dependencies": [
        "@hackbg/allo",
        "@hackbg/hide",
        "chalk"
      ]
    },
    "@hackbg/oops@1.1.0": {
      "integrity": "sha512-/PFezBVsWEaRo6g0TSFk5CVZYi1bHjt+CSEAFeuF2rJcgv/OscAXT6d9xDTILm64RAem5LlJ8UxxLSwlfTX5/Q=="
    },
    "@noble/curves@1.9.7": {
      "integrity": "sha512-gbKGcRUYIjA3/zCCNaWDciTMFI0dCkvou3TL8Zmy5Nc7sJ47a0jtOeZoTaMxkuqRo9cRhjOdZJXegxYE5FN/xw==",
      "dependencies": [
        "@noble/hashes"
      ]
    },
    "@noble/hashes@1.8.0": {
      "integrity": "sha512-jCs9ldd7NwzpgXDIf6P3+NrHh9/sD6CQdxHyjQI+h/6rDNo88ypBxxz45UDuZHz9r3tNz7N/VInSVoVdtXEI4A=="
    },
    "@scure/base@1.2.6": {
      "integrity": "sha512-g/nm5FgUa//MCj1gV09zTJTaM6KBAHqLN907YVQqf7zC49+DcO4B1so4ZX07Ef10Twr6nuqYEH9GEggFXA4Fmg=="
    },
    "@scure/bip32@1.7.0": {
      "integrity": "sha512-E4FFX/N3f4B80AKWp5dP6ow+flD1LQZo/w8UnLGYZO674jS6YnYeepycOOksv+vLPSpgN35wgKgy+ybfTb2SMw==",
      "dependencies": [
        "@noble/curves",
        "@noble/hashes",
        "@scure/base"
      ]
    },
    "@scure/bip39@1.6.0": {
      "integrity": "sha512-+lF0BbLiJNwVlev4eKelw1WWLaiKXw7sSl8T6FvBlWkdX+94aGJ4o8XjUdlyhTCjd8c+B3KT3JfS8P0bLRNU6A==",
      "dependencies": [
        "@noble/hashes",
        "@scure/base"
      ]
    },
    "ansi-styles@4.3.0": {
      "integrity": "sha512-zbB9rCJAT1rbjiVDb2hqKFHNYLxgtk8NURxZ3IZwD3F6NtxbXZQCnnSi1Lkx+IDohdPlFp222wVALIheZJQSEg==",
      "dependencies": [
        "color-convert"
      ]
    },
    "case@1.6.3": {
      "integrity": "sha512-mzDSXIPaFwVDvZAHqZ9VlbyF4yyXRuX6IvB06WvPYkqJVO24kX1PPhv9bfpKNFZyxYFmmgo03HUiD8iklmJYRQ=="
    },
    "chalk@4.1.2": {
      "integrity": "sha512-oKnbhFyRIXpUuez8iBMmyEa4nbj4IOQyuhc/wy9kY7/WVPcwIO9VA668Pu8RkO7+0G76SLROeyw9CpQ061i4mA==",
      "dependencies": [
        "ansi-styles",
        "supports-color"
      ]
    },
    "color-convert@2.0.1": {
      "integrity": "sha512-RRECPsj7iu/xb5oKYcsFHSppFNnsj/52OVTRKb4zP5onXwVF3zVmmToNcOfGC+CRDpfK/U584fMg38ZHCaElKQ==",
      "dependencies": [
        "color-name"
      ]
    },
    "color-name@1.1.4": {
      "integrity": "sha512-dOy+3AuW3a2wNbZHIuMZpTcgjGuLU/uBL/ubcZF9OXbDo8ff4O8yVp5Bf0efS8uEoYo5q4Fx7dY9OgQGXgAsQA=="
    },
    "has-flag@4.0.0": {
      "integrity": "sha512-EykJT/Q1KjTWctppgIAgfSO0tKVuZUjhgMr17kqTumMl6Afv3EISleU7qZUzoXDFTAHTDC4NOoG/ZxU3EvlMPQ=="
    },
    "supports-color@7.2.0": {
      "integrity": "sha512-qpCAvRl9stuOHveKsn7HncJRvv501qIacKzQlO/+Lwxc9+0q2wLyv4Dfvt80/DPn2pqOBsJdDiogXGR9+OvwRw==",
      "dependencies": [
        "has-flag"
      ]
    }
  }
}
